// !$*UTF8*$!
{
	archiveVersion = 1;
	classes = {
	};
	objectVersion = 77;
	objects = {

/* Begin PBXBuildFile section */
		0087B71D472FCD97109FFF10 /* network.json in Resources */ = {isa = PBXBuildFile; fileRef = AB6E5651AC1948FECDAE69D4 /* network.json */; };
		16504A4054237817545767F0 /* ContentView.swift in Sources */ = {isa = PBXBuildFile; fileRef = B38A846EB23F0C4A52BF8A78 /* ContentView.swift */; };
		3A048B1773EDB624E715846E /* AetherWalletApp.swift in Sources */ = {isa = PBXBuildFile; fileRef = 39176493D3D105EBB072F17C /* AetherWalletApp.swift */; };
		3C5180BEE4BF629CA69AF4CE /* ContentView.swift in Sources */ = {isa = PBXBuildFile; fileRef = B38A846EB23F0C4A52BF8A78 /* ContentView.swift */; };
		3EFB40E8AE60667378C4B952 /* AetherWalletApp.swift in Sources */ = {isa = PBXBuildFile; fileRef = 39176493D3D105EBB072F17C /* AetherWalletApp.swift */; };
		576FB72021E6A746C1A7AF9B /* network.json in Resources */ = {isa = PBXBuildFile; fileRef = AB6E5651AC1948FECDAE69D4 /* network.json */; };
		6911A71C489CFE413F30C9A2 /* EnclaveKey.swift in Sources */ = {isa = PBXBuildFile; fileRef = 317D79B15C7F9E75B1A1F4FC /* EnclaveKey.swift */; };
		6B328300B9C16A284BC72EDD /* NodeController.swift in Sources */ = {isa = PBXBuildFile; fileRef = 64A5EE5BA6294827128D61F5 /* NodeController.swift */; };
		8A4A2901B223B0F689036DFB /* EnclaveKey.swift in Sources */ = {isa = PBXBuildFile; fileRef = 317D79B15C7F9E75B1A1F4FC /* EnclaveKey.swift */; };
		8C21512BBE06AA542E27EBA1 /* NodeController.swift in Sources */ = {isa = PBXBuildFile; fileRef = 64A5EE5BA6294827128D61F5 /* NodeController.swift */; };
		95004663796AA4EF45771D37 /* WalletModel.swift in Sources */ = {isa = PBXBuildFile; fileRef = 016BCAF9063410C1BBD4052D /* WalletModel.swift */; };
		BC44AAFBB810E5183CBF737E /* SimpleDashboard.swift in Sources */ = {isa = PBXBuildFile; fileRef = 0BCD0FCE195D7296CBCA13E9 /* SimpleDashboard.swift */; };
		BF69C9639B9D7215C5CE0605 /* aether_ffi.swift in Sources */ = {isa = PBXBuildFile; fileRef = 4BC12AF79B32D90A48860251 /* aether_ffi.swift */; };
		C9839F6819F2F86387CC88B7 /* aether_ffi.swift in Sources */ = {isa = PBXBuildFile; fileRef = 4BC12AF79B32D90A48860251 /* aether_ffi.swift */; };
		D6DDA80E641E075D1DE236AD /* WalletModel.swift in Sources */ = {isa = PBXBuildFile; fileRef = 016BCAF9063410C1BBD4052D /* WalletModel.swift */; };
		FE6BCD03689259294F5B9945 /* SimpleDashboard.swift in Sources */ = {isa = PBXBuildFile; fileRef = 0BCD0FCE195D7296CBCA13E9 /* SimpleDashboard.swift */; };
/* End PBXBuildFile section */

/* Begin PBXFileReference section */
		016BCAF9063410C1BBD4052D /* WalletModel.swift */ = {isa = PBXFileReference; lastKnownFileType = sourcecode.swift; path = WalletModel.swift; sourceTree = "<group>"; };
		0BCD0FCE195D7296CBCA13E9 /* SimpleDashboard.swift */ = {isa = PBXFileReference; lastKnownFileType = sourcecode.swift; path = SimpleDashboard.swift; sourceTree = "<group>"; };
		17F1C13C585683B68AF46003 /* AetherWalletIOS.app */ = {isa = PBXFileReference; includeInIndex = 0; lastKnownFileType = wrapper.application; path = AetherWalletIOS.app; sourceTree = BUILT_PRODUCTS_DIR; };
		2A79147942168696D38EE97B /* AetherWallet.app */ = {isa = PBXFileReference; explicitFileType = wrapper.application; includeInIndex = 0; path = AetherWallet.app; sourceTree = BUILT_PRODUCTS_DIR; };
		317D79B15C7F9E75B1A1F4FC /* EnclaveKey.swift */ = {isa = PBXFileReference; lastKnownFileType = sourcecode.swift; path = EnclaveKey.swift; sourceTree = "<group>"; };
		39176493D3D105EBB072F17C /* AetherWalletApp.swift */ = {isa = PBXFileReference; lastKnownFileType = sourcecode.swift; path = AetherWalletApp.swift; sourceTree = "<group>"; };
		4BC12AF79B32D90A48860251 /* aether_ffi.swift */ = {isa = PBXFileReference; lastKnownFileType = sourcecode.swift; path = aether_ffi.swift; sourceTree = "<group>"; };
		64A5EE5BA6294827128D61F5 /* NodeController.swift */ = {isa = PBXFileReference; lastKnownFileType = sourcecode.swift; path = NodeController.swift; sourceTree = "<group>"; };
		AB6E5651AC1948FECDAE69D4 /* network.json */ = {isa = PBXFileReference; lastKnownFileType = text.json; path = network.json; sourceTree = "<group>"; };
		B38A846EB23F0C4A52BF8A78 /* ContentView.swift */ = {isa = PBXFileReference; lastKnownFileType = sourcecode.swift; path = ContentView.swift; sourceTree = "<group>"; };
/* End PBXFileReference section */

/* Begin PBXGroup section */
		20B21676152FAD1CCC533BA7 /* Generated */ = {
			isa = PBXGroup;
			children = (
				4BC12AF79B32D90A48860251 /* aether_ffi.swift */,
			);
			path = Generated;
			sourceTree = "<group>";
		};
		2E89153E6DC67082E19B5371 /* Products */ = {
			isa = PBXGroup;
			children = (
				2A79147942168696D38EE97B /* AetherWallet.app */,
				17F1C13C585683B68AF46003 /* AetherWalletIOS.app */,
			);
			name = Products;
			sourceTree = "<group>";
		};
		37242AD39FAC0B3294315674 = {
			isa = PBXGroup;
			children = (
				20B21676152FAD1CCC533BA7 /* Generated */,
				5CFCFA34464C0BA0524F5B75 /* Resources */,
				58892B03383F48BA9FD5EB14 /* Sources */,
				2E89153E6DC67082E19B5371 /* Products */,
			);
			sourceTree = "<group>";
		};
		58892B03383F48BA9FD5EB14 /* Sources */ = {
			isa = PBXGroup;
			children = (
				39176493D3D105EBB072F17C /* AetherWalletApp.swift */,
				B38A846EB23F0C4A52BF8A78 /* ContentView.swift */,
				317D79B15C7F9E75B1A1F4FC /* EnclaveKey.swift */,
				64A5EE5BA6294827128D61F5 /* NodeController.swift */,
				0BCD0FCE195D7296CBCA13E9 /* SimpleDashboard.swift */,
				016BCAF9063410C1BBD4052D /* WalletModel.swift */,
			);
			path = Sources;
			sourceTree = "<group>";
		};
		5CFCFA34464C0BA0524F5B75 /* Resources */ = {
			isa = PBXGroup;
			children = (
				AB6E5651AC1948FECDAE69D4 /* network.json */,
			);
			path = Resources;
			sourceTree = "<group>";
		};
/* End PBXGroup section */

/* Begin PBXNativeTarget section */
		0C260DD3461928726F171B93 /* AetherWallet */ = {
			isa = PBXNativeTarget;
			buildConfigurationList = D093627045A2B7DF28397009 /* Build configuration list for PBXNativeTarget "AetherWallet" */;
			buildPhases = (
				9451106D88BAA67BA0C15449 /* Sources */,
				659CDBAF9F96312FD4A76157 /* Resources */,
				9667990067D06D1C9ADBEADF /* Embed node and agent */,
			);
			buildRules = (
			);
			dependencies = (
			);
			name = AetherWallet;
			packageProductDependencies = (
			);
			productName = AetherWallet;
			productReference = 2A79147942168696D38EE97B /* AetherWallet.app */;
			productType = "com.apple.product-type.application";
		};
		A23F3FD5CBCBA2B1C7A877E0 /* AetherWalletIOS */ = {
			isa = PBXNativeTarget;
			buildConfigurationList = 3557245DEAD8990052AA531C /* Build configuration list for PBXNativeTarget "AetherWalletIOS" */;
			buildPhases = (
				25FE09BA6592EC4EAE637339 /* Sources */,
				AC0E5497FB4DD5088CF43DAE /* Resources */,
			);
			buildRules = (
			);
			dependencies = (
			);
			name = AetherWalletIOS;
			packageProductDependencies = (
			);
			productName = AetherWalletIOS;
			productReference = 17F1C13C585683B68AF46003 /* AetherWalletIOS.app */;
			productType = "com.apple.product-type.application";
		};
/* End PBXNativeTarget section */

/* Begin PBXProject section */
		5F42881F886CB6661FD78F58 /* Project object */ = {
			isa = PBXProject;
			attributes = {
				BuildIndependentTargetsInParallel = YES;
				LastUpgradeCheck = 1430;
				TargetAttributes = {
					0C260DD3461928726F171B93 = {
						DevelopmentTeam = 45WU468FZE;
						ProvisioningStyle = Manual;
					};
					A23F3FD5CBCBA2B1C7A877E0 = {
						DevelopmentTeam = 45WU468FZE;
					};
				};
			};
			buildConfigurationList = 9C2EDE7CE81DC399F8EF75DC /* Build configuration list for PBXProject "AetherWallet" */;
			developmentRegion = en;
			hasScannedForEncodings = 0;
			knownRegions = (
				Base,
				en,
			);
			mainGroup = 37242AD39FAC0B3294315674;
			minimizedProjectReferenceProxies = 1;
			preferredProjectObjectVersion = 77;
			productRefGroup = 2E89153E6DC67082E19B5371 /* Products */;
			projectDirPath = "";
			projectRoot = "";
			targets = (
				0C260DD3461928726F171B93 /* AetherWallet */,
				A23F3FD5CBCBA2B1C7A877E0 /* AetherWalletIOS */,
			);
		};
/* End PBXProject section */

/* Begin PBXResourcesBuildPhase section */
		659CDBAF9F96312FD4A76157 /* Resources */ = {
			isa = PBXResourcesBuildPhase;
			buildActionMask = 2147483647;
			files = (
				576FB72021E6A746C1A7AF9B /* network.json in Resources */,
			);
			runOnlyForDeploymentPostprocessing = 0;
		};
		AC0E5497FB4DD5088CF43DAE /* Resources */ = {
			isa = PBXResourcesBuildPhase;
			buildActionMask = 2147483647;
			files = (
				0087B71D472FCD97109FFF10 /* network.json in Resources */,
			);
			runOnlyForDeploymentPostprocessing = 0;
		};
/* End PBXResourcesBuildPhase section */

/* Begin PBXShellScriptBuildPhase section */
		9667990067D06D1C9ADBEADF /* Embed node and agent */ = {
			isa = PBXShellScriptBuildPhase;
			alwaysOutOfDate = 1;
			buildActionMask = 2147483647;
			files = (
			);
			inputFileListPaths = (
			);
			inputPaths = (
			);
			name = "Embed node and agent";
			outputFileListPaths = (
			);
			outputPaths = (
			);
			runOnlyForDeploymentPostprocessing = 0;
			shellPath = /bin/sh;
			shellScript = "# The app carries its node (`aether follow`) and the agent CLI in Contents/Helpers,\n# signed like the app so the bundle verifies and notarizes as one.\nset -euo pipefail\nH=\"$BUILT_PRODUCTS_DIR/$CONTENTS_FOLDER_PATH/Helpers\"\nmkdir -p \"$H\"\nfor t in \"$SRCROOT/../../target/release/aether\" \"$SRCROOT/../../target/agent/aether-agent\"; do\n  [ -x \"$t\" ] || continue\n  cp -f \"$t\" \"$H/\"\n  codesign --force --options runtime --timestamp=none --sign \"${EXPANDED_CODE_SIGN_IDENTITY:--}\" \"$H/$(basename \"$t\")\"\ndone\n";
		};
/* End PBXShellScriptBuildPhase section */

/* Begin PBXSourcesBuildPhase section */
		25FE09BA6592EC4EAE637339 /* Sources */ = {
			isa = PBXSourcesBuildPhase;
			buildActionMask = 2147483647;
			files = (
				3EFB40E8AE60667378C4B952 /* AetherWalletApp.swift in Sources */,
				16504A4054237817545767F0 /* ContentView.swift in Sources */,
				6911A71C489CFE413F30C9A2 /* EnclaveKey.swift in Sources */,
				6B328300B9C16A284BC72EDD /* NodeController.swift in Sources */,
				FE6BCD03689259294F5B9945 /* SimpleDashboard.swift in Sources */,
				95004663796AA4EF45771D37 /* WalletModel.swift in Sources */,
				C9839F6819F2F86387CC88B7 /* aether_ffi.swift in Sources */,
			);
			runOnlyForDeploymentPostprocessing = 0;
		};
		9451106D88BAA67BA0C15449 /* Sources */ = {
			isa = PBXSourcesBuildPhase;
			buildActionMask = 2147483647;
			files = (
				3A048B1773EDB624E715846E /* AetherWalletApp.swift in Sources */,
				3C5180BEE4BF629CA69AF4CE /* ContentView.swift in Sources */,
				8A4A2901B223B0F689036DFB /* EnclaveKey.swift in Sources */,
				8C21512BBE06AA542E27EBA1 /* NodeController.swift in Sources */,
				BC44AAFBB810E5183CBF737E /* SimpleDashboard.swift in Sources */,
				D6DDA80E641E075D1DE236AD /* WalletModel.swift in Sources */,
				BF69C9639B9D7215C5CE0605 /* aether_ffi.swift in Sources */,
			);
			runOnlyForDeploymentPostprocessing = 0;
		};
/* End PBXSourcesBuildPhase section */

/* Begin XCBuildConfiguration section */
		27CE43C6C28C855F91EEEA3B /* Debug */ = {
			isa = XCBuildConfiguration;
			buildSettings = {
				ALWAYS_SEARCH_USER_PATHS = NO;
				CLANG_ANALYZER_NONNULL = YES;
				CLANG_ANALYZER_NUMBER_OBJECT_CONVERSION = YES_AGGRESSIVE;
				CLANG_CXX_LANGUAGE_STANDARD = "gnu++14";
				CLANG_CXX_LIBRARY = "libc++";
				CLANG_ENABLE_MODULES = YES;
				CLANG_ENABLE_OBJC_ARC = YES;
				CLANG_ENABLE_OBJC_WEAK = YES;
				CLANG_WARN_BLOCK_CAPTURE_AUTORELEASING = YES;
				CLANG_WARN_BOOL_CONVERSION = YES;
				CLANG_WARN_COMMA = YES;
				CLANG_WARN_CONSTANT_CONVERSION = YES;
				CLANG_WARN_DEPRECATED_OBJC_IMPLEMENTATIONS = YES;
				CLANG_WARN_DIRECT_OBJC_ISA_USAGE = YES_ERROR;
				CLANG_WARN_DOCUMENTATION_COMMENTS = YES;
				CLANG_WARN_EMPTY_BODY = YES;
				CLANG_WARN_ENUM_CONVERSION = YES;
				CLANG_WARN_INFINITE_RECURSION = YES;
				CLANG_WARN_INT_CONVERSION = YES;
				CLANG_WARN_NON_LITERAL_NULL_CONVERSION = YES;
				CLANG_WARN_OBJC_IMPLICIT_RETAIN_SELF = YES;
				CLANG_WARN_OBJC_LITERAL_CONVERSION = YES;
				CLANG_WARN_OBJC_ROOT_CLASS = YES_ERROR;
				CLANG_WARN_QUOTED_INCLUDE_IN_FRAMEWORK_HEADER = YES;
				CLANG_WARN_RANGE_LOOP_ANALYSIS = YES;
				CLANG_WARN_STRICT_PROTOTYPES = YES;
				CLANG_WARN_SUSPICIOUS_MOVE = YES;
				CLANG_WARN_UNGUARDED_AVAILABILITY = YES_AGGRESSIVE;
				CLANG_WARN_UNREACHABLE_CODE = YES;
				CLANG_WARN__DUPLICATE_METHOD_MATCH = YES;
				COPY_PHASE_STRIP = NO;
				DEBUG_INFORMATION_FORMAT = dwarf;
				ENABLE_STRICT_OBJC_MSGSEND = YES;
				ENABLE_TESTABILITY = YES;
				GCC_C_LANGUAGE_STANDARD = gnu11;
				GCC_DYNAMIC_NO_PIC = NO;
				GCC_NO_COMMON_BLOCKS = YES;
				GCC_OPTIMIZATION_LEVEL = 0;
				GCC_PREPROCESSOR_DEFINITIONS = (
					"$(inherited)",
					"DEBUG=1",
				);
				GCC_WARN_64_TO_32_BIT_CONVERSION = YES;
				GCC_WARN_ABOUT_RETURN_TYPE = YES_ERROR;
				GCC_WARN_UNDECLARED_SELECTOR = YES;
				GCC_WARN_UNINITIALIZED_AUTOS = YES_AGGRESSIVE;
				GCC_WARN_UNUSED_FUNCTION = YES;
				GCC_WARN_UNUSED_VARIABLE = YES;
				IPHONEOS_DEPLOYMENT_TARGET = 17.0;
				MACOSX_DEPLOYMENT_TARGET = 14.0;
				MTL_ENABLE_DEBUG_INFO = INCLUDE_SOURCE;
				MTL_FAST_MATH = YES;
				ONLY_ACTIVE_ARCH = YES;
				PRODUCT_NAME = "$(TARGET_NAME)";
				SWIFT_ACTIVE_COMPILATION_CONDITIONS = DEBUG;
				SWIFT_OPTIMIZATION_LEVEL = "-Onone";
				SWIFT_VERSION = 5.0;
			};
			name = Debug;
		};
		4DEF754AAC7C6B900EFE0FD5 /* Debug */ = {
			isa = XCBuildConfiguration;
			buildSettings = {
				ASSETCATALOG_COMPILER_APPICON_NAME = AppIcon;
				CODE_SIGN_IDENTITY = "iPhone Developer";
				DEVELOPMENT_TEAM = 45WU468FZE;
				"EXCLUDED_ARCHS[sdk=iphonesimulator*]" = x86_64;
				GENERATE_INFOPLIST_FILE = YES;
				HEADER_SEARCH_PATHS = "$(SRCROOT)/Generated";
				INFOPLIST_KEY_CFBundleDisplayName = Aether;
				INFOPLIST_KEY_NSFaceIDUsageDescription = "Sign transactions with your device's Secure Enclave key.";
				INFOPLIST_KEY_UILaunchScreen_Generation = YES;
				INFOPLIST_KEY_UISupportedInterfaceOrientations = UIInterfaceOrientationPortrait;
				LD_RUNPATH_SEARCH_PATHS = (
					"$(inherited)",
					"@executable_path/Frameworks",
				);
				"OTHER_LDFLAGS[sdk=iphoneos*]" = "$(SRCROOT)/../../target/aarch64-apple-ios/release/libaether_ffi.a -framework SystemConfiguration -framework Security -framework CoreFoundation -framework Network";
				"OTHER_LDFLAGS[sdk=iphonesimulator*]" = "$(SRCROOT)/../../target/aarch64-apple-ios-sim/release/libaether_ffi.a -framework SystemConfiguration -framework Security -framework CoreFoundation -framework Network";
				PRODUCT_BUNDLE_IDENTIFIER = com.pipln.aether.ios;
				PRODUCT_NAME = Aether;
				SDKROOT = iphoneos;
				SWIFT_INCLUDE_PATHS = "$(SRCROOT)/Generated";
				SWIFT_VERSION = 5.0;
				TARGETED_DEVICE_FAMILY = 1;
			};
			name = Debug;
		};
		623D3A6CFDC788B090BFC84F /* Release */ = {
			isa = XCBuildConfiguration;
			buildSettings = {
				ARCHS = arm64;
				ASSETCATALOG_COMPILER_APPICON_NAME = AppIcon;
				CODE_SIGN_IDENTITY = "Developer ID Application: Pipln (45WU468FZE)";
				CODE_SIGN_STYLE = Manual;
				COMBINE_HIDPI_IMAGES = YES;
				DEVELOPMENT_TEAM = 45WU468FZE;
				ENABLE_HARDENED_RUNTIME = YES;
				GENERATE_INFOPLIST_FILE = YES;
				HEADER_SEARCH_PATHS = "$(SRCROOT)/Generated";
				INFOPLIST_KEY_CFBundleDisplayName = Aether;
				INFOPLIST_KEY_LSApplicationCategoryType = "public.app-category.finance";
				INFOPLIST_KEY_NSHumanReadableCopyright = "Devnet wallet. Test tokens have no value.";
				LD_RUNPATH_SEARCH_PATHS = (
					"$(inherited)",
					"@executable_path/../Frameworks",
				);
				OTHER_LDFLAGS = "$(SRCROOT)/../../target/release/libaether_ffi.a -framework SystemConfiguration -framework Security -framework CoreFoundation -framework OpenDirectory -framework IOKit";
				PRODUCT_BUNDLE_IDENTIFIER = com.pipln.aether;
				PRODUCT_NAME = Aether;
				PROVISIONING_PROFILE_SPECIFIER = "";
				SDKROOT = macosx;
				SWIFT_INCLUDE_PATHS = "$(SRCROOT)/Generated";
				SWIFT_VERSION = 5.0;
			};
			name = Release;
		};
		7EABE61A565A8C66188849F7 /* Release */ = {
			isa = XCBuildConfiguration;
			buildSettings = {
				ASSETCATALOG_COMPILER_APPICON_NAME = AppIcon;
				CODE_SIGN_IDENTITY = "iPhone Developer";
				DEVELOPMENT_TEAM = 45WU468FZE;
				"EXCLUDED_ARCHS[sdk=iphonesimulator*]" = x86_64;
				GENERATE_INFOPLIST_FILE = YES;
				HEADER_SEARCH_PATHS = "$(SRCROOT)/Generated";
				INFOPLIST_KEY_CFBundleDisplayName = Aether;
				INFOPLIST_KEY_NSFaceIDUsageDescription = "Sign transactions with your device's Secure Enclave key.";
				INFOPLIST_KEY_UILaunchScreen_Generation = YES;
				INFOPLIST_KEY_UISupportedInterfaceOrientations = UIInterfaceOrientationPortrait;
				LD_RUNPATH_SEARCH_PATHS = (
					"$(inherited)",
					"@executable_path/Frameworks",
				);
				"OTHER_LDFLAGS[sdk=iphoneos*]" = "$(SRCROOT)/../../target/aarch64-apple-ios/release/libaether_ffi.a -framework SystemConfiguration -framework Security -framework CoreFoundation -framework Network";
				"OTHER_LDFLAGS[sdk=iphonesimulator*]" = "$(SRCROOT)/../../target/aarch64-apple-ios-sim/release/libaether_ffi.a -framework SystemConfiguration -framework Security -framework CoreFoundation -framework Network";
				PRODUCT_BUNDLE_IDENTIFIER = com.pipln.aether.ios;
				PRODUCT_NAME = Aether;
				SDKROOT = iphoneos;
				SWIFT_INCLUDE_PATHS = "$(SRCROOT)/Generated";
				SWIFT_VERSION = 5.0;
				TARGETED_DEVICE_FAMILY = 1;
			};
			name = Release;
		};
		CF70F4E962AAAD3FDC790A94 /* Release */ = {
			isa = XCBuildConfiguration;
			buildSettings = {
				ALWAYS_SEARCH_USER_PATHS = NO;
				CLANG_ANALYZER_NONNULL = YES;
				CLANG_ANALYZER_NUMBER_OBJECT_CONVERSION = YES_AGGRESSIVE;
				CLANG_CXX_LANGUAGE_STANDARD = "gnu++14";
				CLANG_CXX_LIBRARY = "libc++";
				CLANG_ENABLE_MODULES = YES;
				CLANG_ENABLE_OBJC_ARC = YES;
				CLANG_ENABLE_OBJC_WEAK = YES;
				CLANG_WARN_BLOCK_CAPTURE_AUTORELEASING = YES;
				CLANG_WARN_BOOL_CONVERSION = YES;
				CLANG_WARN_COMMA = YES;
				CLANG_WARN_CONSTANT_CONVERSION = YES;
				CLANG_WARN_DEPRECATED_OBJC_IMPLEMENTATIONS = YES;
				CLANG_WARN_DIRECT_OBJC_ISA_USAGE = YES_ERROR;
				CLANG_WARN_DOCUMENTATION_COMMENTS = YES;
				CLANG_WARN_EMPTY_BODY = YES;
				CLANG_WARN_ENUM_CONVERSION = YES;
				CLANG_WARN_INFINITE_RECURSION = YES;
				CLANG_WARN_INT_CONVERSION = YES;
				CLANG_WARN_NON_LITERAL_NULL_CONVERSION = YES;
				CLANG_WARN_OBJC_IMPLICIT_RETAIN_SELF = YES;
				CLANG_WARN_OBJC_LITERAL_CONVERSION = YES;
				CLANG_WARN_OBJC_ROOT_CLASS = YES_ERROR;
				CLANG_WARN_QUOTED_INCLUDE_IN_FRAMEWORK_HEADER = YES;
				CLANG_WARN_RANGE_LOOP_ANALYSIS = YES;
				CLANG_WARN_STRICT_PROTOTYPES = YES;
				CLANG_WARN_SUSPICIOUS_MOVE = YES;
				CLANG_WARN_UNGUARDED_AVAILABILITY = YES_AGGRESSIVE;
				CLANG_WARN_UNREACHABLE_CODE = YES;
				CLANG_WARN__DUPLICATE_METHOD_MATCH = YES;
				COPY_PHASE_STRIP = NO;
				DEBUG_INFORMATION_FORMAT = "dwarf-with-dsym";
				ENABLE_NS_ASSERTIONS = NO;
				ENABLE_STRICT_OBJC_MSGSEND = YES;
				GCC_C_LANGUAGE_STANDARD = gnu11;
				GCC_NO_COMMON_BLOCKS = YES;
				GCC_WARN_64_TO_32_BIT_CONVERSION = YES;
				GCC_WARN_ABOUT_RETURN_TYPE = YES_ERROR;
				GCC_WARN_UNDECLARED_SELECTOR = YES;
				GCC_WARN_UNINITIALIZED_AUTOS = YES_AGGRESSIVE;
				GCC_WARN_UNUSED_FUNCTION = YES;
				GCC_WARN_UNUSED_VARIABLE = YES;
				IPHONEOS_DEPLOYMENT_TARGET = 17.0;
				MACOSX_DEPLOYMENT_TARGET = 14.0;
				MTL_ENABLE_DEBUG_INFO = NO;
				MTL_FAST_MATH = YES;
				PRODUCT_NAME = "$(TARGET_NAME)";
				SWIFT_COMPILATION_MODE = wholemodule;
				SWIFT_OPTIMIZATION_LEVEL = "-O";
				SWIFT_VERSION = 5.0;
			};
			name = Release;
		};
		FD20609F50391A727955E9BF /* Debug */ = {
			isa = XCBuildConfiguration;
			buildSettings = {
				ARCHS = arm64;
				ASSETCATALOG_COMPILER_APPICON_NAME = AppIcon;
				CODE_SIGN_IDENTITY = "Developer ID Application: Pipln (45WU468FZE)";
				CODE_SIGN_STYLE = Manual;
				COMBINE_HIDPI_IMAGES = YES;
				DEVELOPMENT_TEAM = 45WU468FZE;
				ENABLE_HARDENED_RUNTIME = YES;
				GENERATE_INFOPLIST_FILE = YES;
				HEADER_SEARCH_PATHS = "$(SRCROOT)/Generated";
				INFOPLIST_KEY_CFBundleDisplayName = Aether;
				INFOPLIST_KEY_LSApplicationCategoryType = "public.app-category.finance";
				INFOPLIST_KEY_NSHumanReadableCopyright = "Devnet wallet. Test tokens have no value.";
				LD_RUNPATH_SEARCH_PATHS = (
					"$(inherited)",
					"@executable_path/../Frameworks",
				);
				OTHER_LDFLAGS = "$(SRCROOT)/../../target/release/libaether_ffi.a -framework SystemConfiguration -framework Security -framework CoreFoundation -framework OpenDirectory -framework IOKit";
				PRODUCT_BUNDLE_IDENTIFIER = com.pipln.aether;
				PRODUCT_NAME = Aether;
				PROVISIONING_PROFILE_SPECIFIER = "";
				SDKROOT = macosx;
				SWIFT_INCLUDE_PATHS = "$(SRCROOT)/Generated";
				SWIFT_VERSION = 5.0;
			};
			name = Debug;
		};
/* End XCBuildConfiguration section */

/* Begin XCConfigurationList section */
		3557245DEAD8990052AA531C /* Build configuration list for PBXNativeTarget "AetherWalletIOS" */ = {
			isa = XCConfigurationList;
			buildConfigurations = (
				4DEF754AAC7C6B900EFE0FD5 /* Debug */,
				7EABE61A565A8C66188849F7 /* Release */,
			);
			defaultConfigurationIsVisible = 0;
			defaultConfigurationName = Debug;
		};
		9C2EDE7CE81DC399F8EF75DC /* Build configuration list for PBXProject "AetherWallet" */ = {
			isa = XCConfigurationList;
			buildConfigurations = (
				27CE43C6C28C855F91EEEA3B /* Debug */,
				CF70F4E962AAAD3FDC790A94 /* Release */,
			);
			defaultConfigurationIsVisible = 0;
			defaultConfigurationName = Debug;
		};
		D093627045A2B7DF28397009 /* Build configuration list for PBXNativeTarget "AetherWallet" */ = {
			isa = XCConfigurationList;
			buildConfigurations = (
				FD20609F50391A727955E9BF /* Debug */,
				623D3A6CFDC788B090BFC84F /* Release */,
			);
			defaultConfigurationIsVisible = 0;
			defaultConfigurationName = Debug;
		};
/* End XCConfigurationList section */
	};
	rootObject = 5F42881F886CB6661FD78F58 /* Project object */;
}
