// !$*UTF8*$!
{
	archiveVersion = 1;
	classes = {
	};
	objectVersion = 77;
	objects = {

/* Begin PBXBuildFile section */
		0087B71D472FCD97109FFF10 /* network.json in Resources */ = {isa = PBXBuildFile; fileRef = AB6E5651AC1948FECDAE69D4 /* network.json */; };
		0155654A1EB68833738F6615 /* LiveResize.swift in Sources */ = {isa = PBXBuildFile; fileRef = 745EAC0E04873F8FD0F29BC2 /* LiveResize.swift */; };
		07411F0894B725B06CED2894 /* BalanceHistory.swift in Sources */ = {isa = PBXBuildFile; fileRef = 82F0B4CA90E38B66B43592E6 /* BalanceHistory.swift */; };
		0C3F5D5E82BA80E5FBCEFB6A /* ReleaseUpdateGate.swift in Sources */ = {isa = PBXBuildFile; fileRef = 9D1303552378BB828A2C9D21 /* ReleaseUpdateGate.swift */; };
		16504A4054237817545767F0 /* ContentView.swift in Sources */ = {isa = PBXBuildFile; fileRef = B38A846EB23F0C4A52BF8A78 /* ContentView.swift */; };
		1B66F9FC578D265748C295D1 /* Theme.swift in Sources */ = {isa = PBXBuildFile; fileRef = B60F2ADE6BD15611D4BD0811 /* Theme.swift */; };
		1BA7A78F249B5426DD6B684F /* BalanceHistory.swift in Sources */ = {isa = PBXBuildFile; fileRef = 82F0B4CA90E38B66B43592E6 /* BalanceHistory.swift */; };
		2120D978A2E422529EDEAA37 /* NodeWatchdog.swift in Sources */ = {isa = PBXBuildFile; fileRef = 51F3FF6BB1FEAEB9503220A4 /* NodeWatchdog.swift */; };
		3A02CDFD35AF42A3DBBCE824 /* ReleaseUpdateGate.swift in Sources */ = {isa = PBXBuildFile; fileRef = 9D1303552378BB828A2C9D21 /* ReleaseUpdateGate.swift */; };
		3A048B1773EDB624E715846E /* AetherWalletApp.swift in Sources */ = {isa = PBXBuildFile; fileRef = 39176493D3D105EBB072F17C /* AetherWalletApp.swift */; };
		3C5180BEE4BF629CA69AF4CE /* ContentView.swift in Sources */ = {isa = PBXBuildFile; fileRef = B38A846EB23F0C4A52BF8A78 /* ContentView.swift */; };
		3EF6E8CB8686359FE5CEA244 /* ChainActivity.swift in Sources */ = {isa = PBXBuildFile; fileRef = 87BD832EE8990B2380C0EF86 /* ChainActivity.swift */; };
		3EFB40E8AE60667378C4B952 /* AetherWalletApp.swift in Sources */ = {isa = PBXBuildFile; fileRef = 39176493D3D105EBB072F17C /* AetherWalletApp.swift */; };
		44100BFA372DAC2216F2E74C /* Earnings.swift in Sources */ = {isa = PBXBuildFile; fileRef = C6C1B75440E8A6A577BD467E /* Earnings.swift */; };
		4C04104159BE32A1EE7E6BA3 /* AdaptiveLayout.swift in Sources */ = {isa = PBXBuildFile; fileRef = 55E7E86166A7CE6D29E6C709 /* AdaptiveLayout.swift */; };
		50D901679B54ED9BD526B43E /* Spinners.swift in Sources */ = {isa = PBXBuildFile; fileRef = 462C807FB20A46B9919AE925 /* Spinners.swift */; };
		554F88B6BC236C874C2227E1 /* NodeWatchdog.swift in Sources */ = {isa = PBXBuildFile; fileRef = 51F3FF6BB1FEAEB9503220A4 /* NodeWatchdog.swift */; };
		576FB72021E6A746C1A7AF9B /* network.json in Resources */ = {isa = PBXBuildFile; fileRef = AB6E5651AC1948FECDAE69D4 /* network.json */; };
		5A2FF36B2D89573A00075F88 /* ChainActivity.swift in Sources */ = {isa = PBXBuildFile; fileRef = 87BD832EE8990B2380C0EF86 /* ChainActivity.swift */; };
		5D11F92088FEABAA0085ADCD /* ProverMenu.swift in Sources */ = {isa = PBXBuildFile; fileRef = 9DEBCE5EA044F272C9EA406C /* ProverMenu.swift */; };
		5EE841156B2F7713648B6E61 /* ResizeBenchmark.swift in Sources */ = {isa = PBXBuildFile; fileRef = C3A70AF889C5ACB1DDB2AF45 /* ResizeBenchmark.swift */; };
		63B4C06602DFB64063DE9B7C /* EarningsModel.swift in Sources */ = {isa = PBXBuildFile; fileRef = 02CE6DC842A323F5843165E1 /* EarningsModel.swift */; };
		65632EFCC1603BC0D9B6C752 /* TokenAssets.swift in Sources */ = {isa = PBXBuildFile; fileRef = E5D7C676A4030F20E37C58E7 /* TokenAssets.swift */; };
		68C02116FA3214FB9535A952 /* EarningsModel.swift in Sources */ = {isa = PBXBuildFile; fileRef = 02CE6DC842A323F5843165E1 /* EarningsModel.swift */; };
		6911A71C489CFE413F30C9A2 /* EnclaveKey.swift in Sources */ = {isa = PBXBuildFile; fileRef = 317D79B15C7F9E75B1A1F4FC /* EnclaveKey.swift */; };
		6B328300B9C16A284BC72EDD /* NodeController.swift in Sources */ = {isa = PBXBuildFile; fileRef = 64A5EE5BA6294827128D61F5 /* NodeController.swift */; };
		744ABDE9795D713D6D3CA46F /* token-sources.json in Resources */ = {isa = PBXBuildFile; fileRef = 2928FB2C0B82AF8C35E97D99 /* token-sources.json */; };
		75F66F94438EF25449852272 /* Brand.swift in Sources */ = {isa = PBXBuildFile; fileRef = 32CECEE6B3B88424FB7E6774 /* Brand.swift */; };
		7B0B4C28ED2F1AEF39804016 /* ReleaseApproval.swift in Sources */ = {isa = PBXBuildFile; fileRef = AB4C9843D1CF8E29F627927D /* ReleaseApproval.swift */; };
		83AC088B8D445053FDE07957 /* ResourcesSettings.swift in Sources */ = {isa = PBXBuildFile; fileRef = C56EEFC753370BDE2960BE52 /* ResourcesSettings.swift */; };
		8A4A2901B223B0F689036DFB /* EnclaveKey.swift in Sources */ = {isa = PBXBuildFile; fileRef = 317D79B15C7F9E75B1A1F4FC /* EnclaveKey.swift */; };
		8A8690DDB06F0148FD133737 /* TokenSend.swift in Sources */ = {isa = PBXBuildFile; fileRef = FE00FF7FDD47F623CE4B55A0 /* TokenSend.swift */; };
		8C21512BBE06AA542E27EBA1 /* NodeController.swift in Sources */ = {isa = PBXBuildFile; fileRef = 64A5EE5BA6294827128D61F5 /* NodeController.swift */; };
		8C28BCFEF72360666AC1D1FB /* Brand.swift in Sources */ = {isa = PBXBuildFile; fileRef = 32CECEE6B3B88424FB7E6774 /* Brand.swift */; };
		8FBC9A5F5A3237EA07862EB6 /* TokenSend.swift in Sources */ = {isa = PBXBuildFile; fileRef = FE00FF7FDD47F623CE4B55A0 /* TokenSend.swift */; };
		92B6DC24FA22759641E59512 /* AssetsSheet.swift in Sources */ = {isa = PBXBuildFile; fileRef = 39DB57D9689E71FFECC579BA /* AssetsSheet.swift */; };
		95004663796AA4EF45771D37 /* WalletModel.swift in Sources */ = {isa = PBXBuildFile; fileRef = 016BCAF9063410C1BBD4052D /* WalletModel.swift */; };
		958D55CCC1C206CD0EDE08CA /* AgentWalletPanel.swift in Sources */ = {isa = PBXBuildFile; fileRef = 020BD968AE07E378627D7EB7 /* AgentWalletPanel.swift */; };
		96D01674727A3032D42B5EDC /* Theme.swift in Sources */ = {isa = PBXBuildFile; fileRef = B60F2ADE6BD15611D4BD0811 /* Theme.swift */; };
		9BB3B88FC64A1C7001C851D2 /* AdaptiveLayout.swift in Sources */ = {isa = PBXBuildFile; fileRef = 55E7E86166A7CE6D29E6C709 /* AdaptiveLayout.swift */; };
		9E121F544310F602CD8ACFFE /* Spinners.swift in Sources */ = {isa = PBXBuildFile; fileRef = 462C807FB20A46B9919AE925 /* Spinners.swift */; };
		A079B1CBD1001C06EF207650 /* ReleaseApproval.swift in Sources */ = {isa = PBXBuildFile; fileRef = AB4C9843D1CF8E29F627927D /* ReleaseApproval.swift */; };
		A27B00DA220487FD3B94FFAF /* Onboarding.swift in Sources */ = {isa = PBXBuildFile; fileRef = 65F2514912728847B547AC0A /* Onboarding.swift */; };
		A6411E9B1827C2B1B6D286AE /* ProverFlags.swift in Sources */ = {isa = PBXBuildFile; fileRef = 94E4B4A2A4BDBBBBC6A12600 /* ProverFlags.swift */; };
		A9AB518F8F246CB2A0974398 /* Earnings.swift in Sources */ = {isa = PBXBuildFile; fileRef = C6C1B75440E8A6A577BD467E /* Earnings.swift */; };
		ADEEA18CEEC7A29BDFBB47BB /* NetworkPaused.swift in Sources */ = {isa = PBXBuildFile; fileRef = 2B632CFC2DA1179CC9EAD01D /* NetworkPaused.swift */; };
		B6002ECF68746BC997F245B2 /* ProverFlags.swift in Sources */ = {isa = PBXBuildFile; fileRef = 94E4B4A2A4BDBBBBC6A12600 /* ProverFlags.swift */; };
		BC44AAFBB810E5183CBF737E /* SimpleDashboard.swift in Sources */ = {isa = PBXBuildFile; fileRef = 0BCD0FCE195D7296CBCA13E9 /* SimpleDashboard.swift */; };
		BCEB55E80C0536BE08E67EE7 /* ResourcesSettings.swift in Sources */ = {isa = PBXBuildFile; fileRef = C56EEFC753370BDE2960BE52 /* ResourcesSettings.swift */; };
		BD73509462322EA695D98A0D /* NetworkUpgrade.swift in Sources */ = {isa = PBXBuildFile; fileRef = BAF12832C2145F7B5553F13A /* NetworkUpgrade.swift */; };
		BF69C9639B9D7215C5CE0605 /* aether_ffi.swift in Sources */ = {isa = PBXBuildFile; fileRef = 4BC12AF79B32D90A48860251 /* aether_ffi.swift */; };
		C45FFD044088BB85C2D842D2 /* AssetsSheet.swift in Sources */ = {isa = PBXBuildFile; fileRef = 39DB57D9689E71FFECC579BA /* AssetsSheet.swift */; };
		C95F0C486AC46505C63D822B /* AgentWalletPanel.swift in Sources */ = {isa = PBXBuildFile; fileRef = 020BD968AE07E378627D7EB7 /* AgentWalletPanel.swift */; };
		C9839F6819F2F86387CC88B7 /* aether_ffi.swift in Sources */ = {isa = PBXBuildFile; fileRef = 4BC12AF79B32D90A48860251 /* aether_ffi.swift */; };
		D011EF063EAF0FD0463BB20F /* NetworkUpgrade.swift in Sources */ = {isa = PBXBuildFile; fileRef = BAF12832C2145F7B5553F13A /* NetworkUpgrade.swift */; };
		D35E3E06705EC147E0155308 /* token-sources.json in Resources */ = {isa = PBXBuildFile; fileRef = 2928FB2C0B82AF8C35E97D99 /* token-sources.json */; };
		D6DDA80E641E075D1DE236AD /* WalletModel.swift in Sources */ = {isa = PBXBuildFile; fileRef = 016BCAF9063410C1BBD4052D /* WalletModel.swift */; };
		D840F0A34EA5DA948F884D3E /* TokenAssets.swift in Sources */ = {isa = PBXBuildFile; fileRef = E5D7C676A4030F20E37C58E7 /* TokenAssets.swift */; };
		DB0F8AA27789285B80E0C65B /* Sparkle in Frameworks */ = {isa = PBXBuildFile; productRef = C8AFA205B2434D884DE10E98 /* Sparkle */; };
		E079A96A7F6CAAB46E4B9D8B /* NetworkPaused.swift in Sources */ = {isa = PBXBuildFile; fileRef = 2B632CFC2DA1179CC9EAD01D /* NetworkPaused.swift */; };
		E202B9DDD9BDC75A9D6CA697 /* Onboarding.swift in Sources */ = {isa = PBXBuildFile; fileRef = 65F2514912728847B547AC0A /* Onboarding.swift */; };
		E5EBCFC648FC784DB287530F /* LiveResize.swift in Sources */ = {isa = PBXBuildFile; fileRef = 745EAC0E04873F8FD0F29BC2 /* LiveResize.swift */; };
		E8E7A825FBFD8C349EA8E74A /* ResizeBenchmark.swift in Sources */ = {isa = PBXBuildFile; fileRef = C3A70AF889C5ACB1DDB2AF45 /* ResizeBenchmark.swift */; };
		ED3E2EB438264E2123EBDBD9 /* DesignPreview.swift in Sources */ = {isa = PBXBuildFile; fileRef = 260B382C7E1D4499BE9AE870 /* DesignPreview.swift */; };
		F0B3BB5AE45A3595EC6EB117 /* Assets.xcassets in Resources */ = {isa = PBXBuildFile; fileRef = 54084C88C38E2484A2641DE4 /* Assets.xcassets */; };
		F3667C9BCD3B016F232A69D8 /* ProverMenu.swift in Sources */ = {isa = PBXBuildFile; fileRef = 9DEBCE5EA044F272C9EA406C /* ProverMenu.swift */; };
		F5D803ED94B649009D54712A /* DesignPreview.swift in Sources */ = {isa = PBXBuildFile; fileRef = 260B382C7E1D4499BE9AE870 /* DesignPreview.swift */; };
		F9D2A177F2CFE05346206EDB /* Assets.xcassets in Resources */ = {isa = PBXBuildFile; fileRef = 54084C88C38E2484A2641DE4 /* Assets.xcassets */; };
		FE6BCD03689259294F5B9945 /* SimpleDashboard.swift in Sources */ = {isa = PBXBuildFile; fileRef = 0BCD0FCE195D7296CBCA13E9 /* SimpleDashboard.swift */; };
/* End PBXBuildFile section */

/* Begin PBXFileReference section */
		016BCAF9063410C1BBD4052D /* WalletModel.swift */ = {isa = PBXFileReference; lastKnownFileType = sourcecode.swift; path = WalletModel.swift; sourceTree = "<group>"; };
		020BD968AE07E378627D7EB7 /* AgentWalletPanel.swift */ = {isa = PBXFileReference; lastKnownFileType = sourcecode.swift; path = AgentWalletPanel.swift; sourceTree = "<group>"; };
		02CE6DC842A323F5843165E1 /* EarningsModel.swift */ = {isa = PBXFileReference; lastKnownFileType = sourcecode.swift; path = EarningsModel.swift; sourceTree = "<group>"; };
		0BCD0FCE195D7296CBCA13E9 /* SimpleDashboard.swift */ = {isa = PBXFileReference; lastKnownFileType = sourcecode.swift; path = SimpleDashboard.swift; sourceTree = "<group>"; };
		17F1C13C585683B68AF46003 /* AetherWalletIOS.app */ = {isa = PBXFileReference; includeInIndex = 0; lastKnownFileType = wrapper.application; path = AetherWalletIOS.app; sourceTree = BUILT_PRODUCTS_DIR; };
		260B382C7E1D4499BE9AE870 /* DesignPreview.swift */ = {isa = PBXFileReference; lastKnownFileType = sourcecode.swift; path = DesignPreview.swift; sourceTree = "<group>"; };
		2928FB2C0B82AF8C35E97D99 /* token-sources.json */ = {isa = PBXFileReference; lastKnownFileType = text.json; path = "token-sources.json"; sourceTree = "<group>"; };
		2A79147942168696D38EE97B /* AetherWallet.app */ = {isa = PBXFileReference; explicitFileType = wrapper.application; includeInIndex = 0; path = AetherWallet.app; sourceTree = BUILT_PRODUCTS_DIR; };
		2B632CFC2DA1179CC9EAD01D /* NetworkPaused.swift */ = {isa = PBXFileReference; lastKnownFileType = sourcecode.swift; path = NetworkPaused.swift; sourceTree = "<group>"; };
		317D79B15C7F9E75B1A1F4FC /* EnclaveKey.swift */ = {isa = PBXFileReference; lastKnownFileType = sourcecode.swift; path = EnclaveKey.swift; sourceTree = "<group>"; };
		32CECEE6B3B88424FB7E6774 /* Brand.swift */ = {isa = PBXFileReference; lastKnownFileType = sourcecode.swift; path = Brand.swift; sourceTree = "<group>"; };
		39176493D3D105EBB072F17C /* AetherWalletApp.swift */ = {isa = PBXFileReference; lastKnownFileType = sourcecode.swift; path = AetherWalletApp.swift; sourceTree = "<group>"; };
		39DB57D9689E71FFECC579BA /* AssetsSheet.swift */ = {isa = PBXFileReference; lastKnownFileType = sourcecode.swift; path = AssetsSheet.swift; sourceTree = "<group>"; };
		462C807FB20A46B9919AE925 /* Spinners.swift */ = {isa = PBXFileReference; lastKnownFileType = sourcecode.swift; path = Spinners.swift; sourceTree = "<group>"; };
		4BC12AF79B32D90A48860251 /* aether_ffi.swift */ = {isa = PBXFileReference; lastKnownFileType = sourcecode.swift; path = aether_ffi.swift; sourceTree = "<group>"; };
		51F3FF6BB1FEAEB9503220A4 /* NodeWatchdog.swift */ = {isa = PBXFileReference; lastKnownFileType = sourcecode.swift; path = NodeWatchdog.swift; sourceTree = "<group>"; };
		54084C88C38E2484A2641DE4 /* Assets.xcassets */ = {isa = PBXFileReference; lastKnownFileType = folder.assetcatalog; path = Assets.xcassets; sourceTree = "<group>"; };
		55E7E86166A7CE6D29E6C709 /* AdaptiveLayout.swift */ = {isa = PBXFileReference; lastKnownFileType = sourcecode.swift; path = AdaptiveLayout.swift; sourceTree = "<group>"; };
		64A5EE5BA6294827128D61F5 /* NodeController.swift */ = {isa = PBXFileReference; lastKnownFileType = sourcecode.swift; path = NodeController.swift; sourceTree = "<group>"; };
		65F2514912728847B547AC0A /* Onboarding.swift */ = {isa = PBXFileReference; lastKnownFileType = sourcecode.swift; path = Onboarding.swift; sourceTree = "<group>"; };
		745EAC0E04873F8FD0F29BC2 /* LiveResize.swift */ = {isa = PBXFileReference; lastKnownFileType = sourcecode.swift; path = LiveResize.swift; sourceTree = "<group>"; };
		82F0B4CA90E38B66B43592E6 /* BalanceHistory.swift */ = {isa = PBXFileReference; lastKnownFileType = sourcecode.swift; path = BalanceHistory.swift; sourceTree = "<group>"; };
		87BD832EE8990B2380C0EF86 /* ChainActivity.swift */ = {isa = PBXFileReference; lastKnownFileType = sourcecode.swift; path = ChainActivity.swift; sourceTree = "<group>"; };
		94E4B4A2A4BDBBBBC6A12600 /* ProverFlags.swift */ = {isa = PBXFileReference; lastKnownFileType = sourcecode.swift; path = ProverFlags.swift; sourceTree = "<group>"; };
		9D1303552378BB828A2C9D21 /* ReleaseUpdateGate.swift */ = {isa = PBXFileReference; lastKnownFileType = sourcecode.swift; path = ReleaseUpdateGate.swift; sourceTree = "<group>"; };
		9DEBCE5EA044F272C9EA406C /* ProverMenu.swift */ = {isa = PBXFileReference; lastKnownFileType = sourcecode.swift; path = ProverMenu.swift; sourceTree = "<group>"; };
		AB4C9843D1CF8E29F627927D /* ReleaseApproval.swift */ = {isa = PBXFileReference; lastKnownFileType = sourcecode.swift; path = ReleaseApproval.swift; sourceTree = "<group>"; };
		AB6E5651AC1948FECDAE69D4 /* network.json */ = {isa = PBXFileReference; lastKnownFileType = text.json; path = network.json; sourceTree = "<group>"; };
		B38A846EB23F0C4A52BF8A78 /* ContentView.swift */ = {isa = PBXFileReference; lastKnownFileType = sourcecode.swift; path = ContentView.swift; sourceTree = "<group>"; };
		B60F2ADE6BD15611D4BD0811 /* Theme.swift */ = {isa = PBXFileReference; lastKnownFileType = sourcecode.swift; path = Theme.swift; sourceTree = "<group>"; };
		BAF12832C2145F7B5553F13A /* NetworkUpgrade.swift */ = {isa = PBXFileReference; lastKnownFileType = sourcecode.swift; path = NetworkUpgrade.swift; sourceTree = "<group>"; };
		C3A70AF889C5ACB1DDB2AF45 /* ResizeBenchmark.swift */ = {isa = PBXFileReference; lastKnownFileType = sourcecode.swift; path = ResizeBenchmark.swift; sourceTree = "<group>"; };
		C56EEFC753370BDE2960BE52 /* ResourcesSettings.swift */ = {isa = PBXFileReference; lastKnownFileType = sourcecode.swift; path = ResourcesSettings.swift; sourceTree = "<group>"; };
		C6C1B75440E8A6A577BD467E /* Earnings.swift */ = {isa = PBXFileReference; lastKnownFileType = sourcecode.swift; path = Earnings.swift; sourceTree = "<group>"; };
		E5D7C676A4030F20E37C58E7 /* TokenAssets.swift */ = {isa = PBXFileReference; lastKnownFileType = sourcecode.swift; path = TokenAssets.swift; sourceTree = "<group>"; };
		FE00FF7FDD47F623CE4B55A0 /* TokenSend.swift */ = {isa = PBXFileReference; lastKnownFileType = sourcecode.swift; path = TokenSend.swift; sourceTree = "<group>"; };
/* End PBXFileReference section */

/* Begin PBXFrameworksBuildPhase section */
		0F71C244D7617089300AB64D /* Frameworks */ = {
			isa = PBXFrameworksBuildPhase;
			buildActionMask = 2147483647;
			files = (
				DB0F8AA27789285B80E0C65B /* Sparkle in Frameworks */,
			);
			runOnlyForDeploymentPostprocessing = 0;
		};
/* End PBXFrameworksBuildPhase section */

/* Begin PBXGroup section */
		20B21676152FAD1CCC533BA7 /* Generated */ = {
			isa = PBXGroup;
			children = (
				4BC12AF79B32D90A48860251 /* aether_ffi.swift */,
			);
			path = Generated;
			sourceTree = "<group>";
		};
		2E89153E6DC67082E19B5371 /* Products */ = {
			isa = PBXGroup;
			children = (
				2A79147942168696D38EE97B /* AetherWallet.app */,
				17F1C13C585683B68AF46003 /* AetherWalletIOS.app */,
			);
			name = Products;
			sourceTree = "<group>";
		};
		37242AD39FAC0B3294315674 = {
			isa = PBXGroup;
			children = (
				54084C88C38E2484A2641DE4 /* Assets.xcassets */,
				20B21676152FAD1CCC533BA7 /* Generated */,
				5CFCFA34464C0BA0524F5B75 /* Resources */,
				58892B03383F48BA9FD5EB14 /* Sources */,
				2E89153E6DC67082E19B5371 /* Products */,
			);
			sourceTree = "<group>";
		};
		58892B03383F48BA9FD5EB14 /* Sources */ = {
			isa = PBXGroup;
			children = (
				55E7E86166A7CE6D29E6C709 /* AdaptiveLayout.swift */,
				39176493D3D105EBB072F17C /* AetherWalletApp.swift */,
				020BD968AE07E378627D7EB7 /* AgentWalletPanel.swift */,
				39DB57D9689E71FFECC579BA /* AssetsSheet.swift */,
				82F0B4CA90E38B66B43592E6 /* BalanceHistory.swift */,
				32CECEE6B3B88424FB7E6774 /* Brand.swift */,
				87BD832EE8990B2380C0EF86 /* ChainActivity.swift */,
				B38A846EB23F0C4A52BF8A78 /* ContentView.swift */,
				260B382C7E1D4499BE9AE870 /* DesignPreview.swift */,
				C6C1B75440E8A6A577BD467E /* Earnings.swift */,
				02CE6DC842A323F5843165E1 /* EarningsModel.swift */,
				317D79B15C7F9E75B1A1F4FC /* EnclaveKey.swift */,
				745EAC0E04873F8FD0F29BC2 /* LiveResize.swift */,
				2B632CFC2DA1179CC9EAD01D /* NetworkPaused.swift */,
				BAF12832C2145F7B5553F13A /* NetworkUpgrade.swift */,
				64A5EE5BA6294827128D61F5 /* NodeController.swift */,
				51F3FF6BB1FEAEB9503220A4 /* NodeWatchdog.swift */,
				65F2514912728847B547AC0A /* Onboarding.swift */,
				94E4B4A2A4BDBBBBC6A12600 /* ProverFlags.swift */,
				9DEBCE5EA044F272C9EA406C /* ProverMenu.swift */,
				AB4C9843D1CF8E29F627927D /* ReleaseApproval.swift */,
				9D1303552378BB828A2C9D21 /* ReleaseUpdateGate.swift */,
				C3A70AF889C5ACB1DDB2AF45 /* ResizeBenchmark.swift */,
				C56EEFC753370BDE2960BE52 /* ResourcesSettings.swift */,
				0BCD0FCE195D7296CBCA13E9 /* SimpleDashboard.swift */,
				462C807FB20A46B9919AE925 /* Spinners.swift */,
				B60F2ADE6BD15611D4BD0811 /* Theme.swift */,
				E5D7C676A4030F20E37C58E7 /* TokenAssets.swift */,
				FE00FF7FDD47F623CE4B55A0 /* TokenSend.swift */,
				016BCAF9063410C1BBD4052D /* WalletModel.swift */,
			);
			path = Sources;
			sourceTree = "<group>";
		};
		5CFCFA34464C0BA0524F5B75 /* Resources */ = {
			isa = PBXGroup;
			children = (
				AB6E5651AC1948FECDAE69D4 /* network.json */,
				2928FB2C0B82AF8C35E97D99 /* token-sources.json */,
			);
			path = Resources;
			sourceTree = "<group>";
		};
/* End PBXGroup section */

/* Begin PBXNativeTarget section */
		0C260DD3461928726F171B93 /* AetherWallet */ = {
			isa = PBXNativeTarget;
			buildConfigurationList = D093627045A2B7DF28397009 /* Build configuration list for PBXNativeTarget "AetherWallet" */;
			buildPhases = (
				9451106D88BAA67BA0C15449 /* Sources */,
				659CDBAF9F96312FD4A76157 /* Resources */,
				0F71C244D7617089300AB64D /* Frameworks */,
				9667990067D06D1C9ADBEADF /* Embed node and agent */,
			);
			buildRules = (
			);
			dependencies = (
			);
			name = AetherWallet;
			packageProductDependencies = (
				C8AFA205B2434D884DE10E98 /* Sparkle */,
			);
			productName = AetherWallet;
			productReference = 2A79147942168696D38EE97B /* AetherWallet.app */;
			productType = "com.apple.product-type.application";
		};
		A23F3FD5CBCBA2B1C7A877E0 /* AetherWalletIOS */ = {
			isa = PBXNativeTarget;
			buildConfigurationList = 3557245DEAD8990052AA531C /* Build configuration list for PBXNativeTarget "AetherWalletIOS" */;
			buildPhases = (
				25FE09BA6592EC4EAE637339 /* Sources */,
				AC0E5497FB4DD5088CF43DAE /* Resources */,
			);
			buildRules = (
			);
			dependencies = (
			);
			name = AetherWalletIOS;
			packageProductDependencies = (
			);
			productName = AetherWalletIOS;
			productReference = 17F1C13C585683B68AF46003 /* AetherWalletIOS.app */;
			productType = "com.apple.product-type.application";
		};
/* End PBXNativeTarget section */

/* Begin PBXProject section */
		5F42881F886CB6661FD78F58 /* Project object */ = {
			isa = PBXProject;
			attributes = {
				BuildIndependentTargetsInParallel = YES;
				LastUpgradeCheck = 1430;
				TargetAttributes = {
					0C260DD3461928726F171B93 = {
						DevelopmentTeam = 45WU468FZE;
						ProvisioningStyle = Manual;
					};
					A23F3FD5CBCBA2B1C7A877E0 = {
						DevelopmentTeam = 45WU468FZE;
					};
				};
			};
			buildConfigurationList = 9C2EDE7CE81DC399F8EF75DC /* Build configuration list for PBXProject "AetherWallet" */;
			developmentRegion = en;
			hasScannedForEncodings = 0;
			knownRegions = (
				Base,
				en,
			);
			mainGroup = 37242AD39FAC0B3294315674;
			minimizedProjectReferenceProxies = 1;
			packageReferences = (
				67A853CB1E407115F5AF96C3 /* XCRemoteSwiftPackageReference "Sparkle" */,
			);
			preferredProjectObjectVersion = 77;
			productRefGroup = 2E89153E6DC67082E19B5371 /* Products */;
			projectDirPath = "";
			projectRoot = "";
			targets = (
				0C260DD3461928726F171B93 /* AetherWallet */,
				A23F3FD5CBCBA2B1C7A877E0 /* AetherWalletIOS */,
			);
		};
/* End PBXProject section */

/* Begin PBXResourcesBuildPhase section */
		659CDBAF9F96312FD4A76157 /* Resources */ = {
			isa = PBXResourcesBuildPhase;
			buildActionMask = 2147483647;
			files = (
				F0B3BB5AE45A3595EC6EB117 /* Assets.xcassets in Resources */,
				576FB72021E6A746C1A7AF9B /* network.json in Resources */,
				D35E3E06705EC147E0155308 /* token-sources.json in Resources */,
			);
			runOnlyForDeploymentPostprocessing = 0;
		};
		AC0E5497FB4DD5088CF43DAE /* Resources */ = {
			isa = PBXResourcesBuildPhase;
			buildActionMask = 2147483647;
			files = (
				F9D2A177F2CFE05346206EDB /* Assets.xcassets in Resources */,
				0087B71D472FCD97109FFF10 /* network.json in Resources */,
				744ABDE9795D713D6D3CA46F /* token-sources.json in Resources */,
			);
			runOnlyForDeploymentPostprocessing = 0;
		};
/* End PBXResourcesBuildPhase section */

/* Begin PBXShellScriptBuildPhase section */
		9667990067D06D1C9ADBEADF /* Embed node and agent */ = {
			isa = PBXShellScriptBuildPhase;
			alwaysOutOfDate = 1;
			buildActionMask = 2147483647;
			files = (
			);
			inputFileListPaths = (
			);
			inputPaths = (
			);
			name = "Embed node and agent";
			outputFileListPaths = (
			);
			outputPaths = (
			);
			runOnlyForDeploymentPostprocessing = 0;
			shellPath = /bin/sh;
			shellScript = "# The app carries its node (`aether follow`) and the agent CLI in Contents/Helpers,\n# signed like the app so the bundle verifies and notarizes as one.\nset -euo pipefail\nH=\"$BUILT_PRODUCTS_DIR/$CONTENTS_FOLDER_PATH/Helpers\"\nmkdir -p \"$H\"\nfor t in \"$SRCROOT/../../target/release/aether\" \"$SRCROOT/../../target/agent/aether-agent\" \"$SRCROOT/../../apps/prover/target/release/aether-prover\"; do\n  [ -x \"$t\" ] || continue\n  name=\"$(basename \"$t\")\"\n  # Keep the node's previous binary one update back (as aether.prev):\n  # if the new one cannot start, the app runs it instead\n  # (docs/design/24-self-healing.md layer 2, upgrade rollback).\n  if [ \"$name\" = \"aether\" ] && [ -x \"$H/aether\" ] && ! cmp -s \"$H/aether\" \"$t\"; then\n    cp -f \"$H/aether\" \"$H/aether.prev\"\n    codesign --force --options runtime --timestamp=none --sign \"${EXPANDED_CODE_SIGN_IDENTITY:--}\" \"$H/aether.prev\"\n  fi\n  cp -f \"$t\" \"$H/\"\n  codesign --force --options runtime --timestamp=none --sign \"${EXPANDED_CODE_SIGN_IDENTITY:--}\" \"$H/$name\"\ndone\n";
		};
/* End PBXShellScriptBuildPhase section */

/* Begin PBXSourcesBuildPhase section */
		25FE09BA6592EC4EAE637339 /* Sources */ = {
			isa = PBXSourcesBuildPhase;
			buildActionMask = 2147483647;
			files = (
				9BB3B88FC64A1C7001C851D2 /* AdaptiveLayout.swift in Sources */,
				3EFB40E8AE60667378C4B952 /* AetherWalletApp.swift in Sources */,
				958D55CCC1C206CD0EDE08CA /* AgentWalletPanel.swift in Sources */,
				C45FFD044088BB85C2D842D2 /* AssetsSheet.swift in Sources */,
				07411F0894B725B06CED2894 /* BalanceHistory.swift in Sources */,
				75F66F94438EF25449852272 /* Brand.swift in Sources */,
				3EF6E8CB8686359FE5CEA244 /* ChainActivity.swift in Sources */,
				16504A4054237817545767F0 /* ContentView.swift in Sources */,
				F5D803ED94B649009D54712A /* DesignPreview.swift in Sources */,
				A9AB518F8F246CB2A0974398 /* Earnings.swift in Sources */,
				63B4C06602DFB64063DE9B7C /* EarningsModel.swift in Sources */,
				6911A71C489CFE413F30C9A2 /* EnclaveKey.swift in Sources */,
				0155654A1EB68833738F6615 /* LiveResize.swift in Sources */,
				ADEEA18CEEC7A29BDFBB47BB /* NetworkPaused.swift in Sources */,
				D011EF063EAF0FD0463BB20F /* NetworkUpgrade.swift in Sources */,
				6B328300B9C16A284BC72EDD /* NodeController.swift in Sources */,
				2120D978A2E422529EDEAA37 /* NodeWatchdog.swift in Sources */,
				A27B00DA220487FD3B94FFAF /* Onboarding.swift in Sources */,
				A6411E9B1827C2B1B6D286AE /* ProverFlags.swift in Sources */,
				5D11F92088FEABAA0085ADCD /* ProverMenu.swift in Sources */,
				A079B1CBD1001C06EF207650 /* ReleaseApproval.swift in Sources */,
				3A02CDFD35AF42A3DBBCE824 /* ReleaseUpdateGate.swift in Sources */,
				E8E7A825FBFD8C349EA8E74A /* ResizeBenchmark.swift in Sources */,
				BCEB55E80C0536BE08E67EE7 /* ResourcesSettings.swift in Sources */,
				FE6BCD03689259294F5B9945 /* SimpleDashboard.swift in Sources */,
				9E121F544310F602CD8ACFFE /* Spinners.swift in Sources */,
				96D01674727A3032D42B5EDC /* Theme.swift in Sources */,
				65632EFCC1603BC0D9B6C752 /* TokenAssets.swift in Sources */,
				8A8690DDB06F0148FD133737 /* TokenSend.swift in Sources */,
				95004663796AA4EF45771D37 /* WalletModel.swift in Sources */,
				C9839F6819F2F86387CC88B7 /* aether_ffi.swift in Sources */,
			);
			runOnlyForDeploymentPostprocessing = 0;
		};
		9451106D88BAA67BA0C15449 /* Sources */ = {
			isa = PBXSourcesBuildPhase;
			buildActionMask = 2147483647;
			files = (
				4C04104159BE32A1EE7E6BA3 /* AdaptiveLayout.swift in Sources */,
				3A048B1773EDB624E715846E /* AetherWalletApp.swift in Sources */,
				C95F0C486AC46505C63D822B /* AgentWalletPanel.swift in Sources */,
				92B6DC24FA22759641E59512 /* AssetsSheet.swift in Sources */,
				1BA7A78F249B5426DD6B684F /* BalanceHistory.swift in Sources */,
				8C28BCFEF72360666AC1D1FB /* Brand.swift in Sources */,
				5A2FF36B2D89573A00075F88 /* ChainActivity.swift in Sources */,
				3C5180BEE4BF629CA69AF4CE /* ContentView.swift in Sources */,
				ED3E2EB438264E2123EBDBD9 /* DesignPreview.swift in Sources */,
				44100BFA372DAC2216F2E74C /* Earnings.swift in Sources */,
				68C02116FA3214FB9535A952 /* EarningsModel.swift in Sources */,
				8A4A2901B223B0F689036DFB /* EnclaveKey.swift in Sources */,
				E5EBCFC648FC784DB287530F /* LiveResize.swift in Sources */,
				E079A96A7F6CAAB46E4B9D8B /* NetworkPaused.swift in Sources */,
				BD73509462322EA695D98A0D /* NetworkUpgrade.swift in Sources */,
				8C21512BBE06AA542E27EBA1 /* NodeController.swift in Sources */,
				554F88B6BC236C874C2227E1 /* NodeWatchdog.swift in Sources */,
				E202B9DDD9BDC75A9D6CA697 /* Onboarding.swift in Sources */,
				B6002ECF68746BC997F245B2 /* ProverFlags.swift in Sources */,
				F3667C9BCD3B016F232A69D8 /* ProverMenu.swift in Sources */,
				7B0B4C28ED2F1AEF39804016 /* ReleaseApproval.swift in Sources */,
				0C3F5D5E82BA80E5FBCEFB6A /* ReleaseUpdateGate.swift in Sources */,
				5EE841156B2F7713648B6E61 /* ResizeBenchmark.swift in Sources */,
				83AC088B8D445053FDE07957 /* ResourcesSettings.swift in Sources */,
				BC44AAFBB810E5183CBF737E /* SimpleDashboard.swift in Sources */,
				50D901679B54ED9BD526B43E /* Spinners.swift in Sources */,
				1B66F9FC578D265748C295D1 /* Theme.swift in Sources */,
				D840F0A34EA5DA948F884D3E /* TokenAssets.swift in Sources */,
				8FBC9A5F5A3237EA07862EB6 /* TokenSend.swift in Sources */,
				D6DDA80E641E075D1DE236AD /* WalletModel.swift in Sources */,
				BF69C9639B9D7215C5CE0605 /* aether_ffi.swift in Sources */,
			);
			runOnlyForDeploymentPostprocessing = 0;
		};
/* End PBXSourcesBuildPhase section */

/* Begin XCBuildConfiguration section */
		27CE43C6C28C855F91EEEA3B /* Debug */ = {
			isa = XCBuildConfiguration;
			buildSettings = {
				ALWAYS_SEARCH_USER_PATHS = NO;
				CLANG_ANALYZER_NONNULL = YES;
				CLANG_ANALYZER_NUMBER_OBJECT_CONVERSION = YES_AGGRESSIVE;
				CLANG_CXX_LANGUAGE_STANDARD = "gnu++14";
				CLANG_CXX_LIBRARY = "libc++";
				CLANG_ENABLE_MODULES = YES;
				CLANG_ENABLE_OBJC_ARC = YES;
				CLANG_ENABLE_OBJC_WEAK = YES;
				CLANG_WARN_BLOCK_CAPTURE_AUTORELEASING = YES;
				CLANG_WARN_BOOL_CONVERSION = YES;
				CLANG_WARN_COMMA = YES;
				CLANG_WARN_CONSTANT_CONVERSION = YES;
				CLANG_WARN_DEPRECATED_OBJC_IMPLEMENTATIONS = YES;
				CLANG_WARN_DIRECT_OBJC_ISA_USAGE = YES_ERROR;
				CLANG_WARN_DOCUMENTATION_COMMENTS = YES;
				CLANG_WARN_EMPTY_BODY = YES;
				CLANG_WARN_ENUM_CONVERSION = YES;
				CLANG_WARN_INFINITE_RECURSION = YES;
				CLANG_WARN_INT_CONVERSION = YES;
				CLANG_WARN_NON_LITERAL_NULL_CONVERSION = YES;
				CLANG_WARN_OBJC_IMPLICIT_RETAIN_SELF = YES;
				CLANG_WARN_OBJC_LITERAL_CONVERSION = YES;
				CLANG_WARN_OBJC_ROOT_CLASS = YES_ERROR;
				CLANG_WARN_QUOTED_INCLUDE_IN_FRAMEWORK_HEADER = YES;
				CLANG_WARN_RANGE_LOOP_ANALYSIS = YES;
				CLANG_WARN_STRICT_PROTOTYPES = YES;
				CLANG_WARN_SUSPICIOUS_MOVE = YES;
				CLANG_WARN_UNGUARDED_AVAILABILITY = YES_AGGRESSIVE;
				CLANG_WARN_UNREACHABLE_CODE = YES;
				CLANG_WARN__DUPLICATE_METHOD_MATCH = YES;
				COPY_PHASE_STRIP = NO;
				DEBUG_INFORMATION_FORMAT = dwarf;
				ENABLE_STRICT_OBJC_MSGSEND = YES;
				ENABLE_TESTABILITY = YES;
				GCC_C_LANGUAGE_STANDARD = gnu11;
				GCC_DYNAMIC_NO_PIC = NO;
				GCC_NO_COMMON_BLOCKS = YES;
				GCC_OPTIMIZATION_LEVEL = 0;
				GCC_PREPROCESSOR_DEFINITIONS = (
					"$(inherited)",
					"DEBUG=1",
				);
				GCC_WARN_64_TO_32_BIT_CONVERSION = YES;
				GCC_WARN_ABOUT_RETURN_TYPE = YES_ERROR;
				GCC_WARN_UNDECLARED_SELECTOR = YES;
				GCC_WARN_UNINITIALIZED_AUTOS = YES_AGGRESSIVE;
				GCC_WARN_UNUSED_FUNCTION = YES;
				GCC_WARN_UNUSED_VARIABLE = YES;
				IPHONEOS_DEPLOYMENT_TARGET = 17.0;
				MACOSX_DEPLOYMENT_TARGET = 14.0;
				MTL_ENABLE_DEBUG_INFO = INCLUDE_SOURCE;
				MTL_FAST_MATH = YES;
				ONLY_ACTIVE_ARCH = YES;
				PRODUCT_NAME = "$(TARGET_NAME)";
				SWIFT_ACTIVE_COMPILATION_CONDITIONS = DEBUG;
				SWIFT_OPTIMIZATION_LEVEL = "-Onone";
				SWIFT_VERSION = 5.0;
			};
			name = Debug;
		};
		4DEF754AAC7C6B900EFE0FD5 /* Debug */ = {
			isa = XCBuildConfiguration;
			buildSettings = {
				ASSETCATALOG_COMPILER_APPICON_NAME = AppIcon;
				CODE_SIGN_IDENTITY = "iPhone Developer";
				DEVELOPMENT_TEAM = 45WU468FZE;
				"EXCLUDED_ARCHS[sdk=iphonesimulator*]" = x86_64;
				GENERATE_INFOPLIST_FILE = YES;
				HEADER_SEARCH_PATHS = "$(SRCROOT)/Generated";
				INFOPLIST_FILE = "Info-ios.plist";
				INFOPLIST_KEY_CFBundleDisplayName = Aether;
				INFOPLIST_KEY_NSFaceIDUsageDescription = "Sign transactions with your device's Secure Enclave key.";
				INFOPLIST_KEY_UILaunchScreen_Generation = YES;
				INFOPLIST_KEY_UISupportedInterfaceOrientations = UIInterfaceOrientationPortrait;
				LD_RUNPATH_SEARCH_PATHS = (
					"$(inherited)",
					"@executable_path/Frameworks",
				);
				"OTHER_LDFLAGS[sdk=iphoneos*]" = "-Wl,-reproducible $(SRCROOT)/../../target/aarch64-apple-ios/release/libaether_ffi.a -framework SystemConfiguration -framework Security -framework CoreFoundation -framework Network";
				"OTHER_LDFLAGS[sdk=iphonesimulator*]" = "-Wl,-reproducible $(SRCROOT)/../../target/aarch64-apple-ios-sim/release/libaether_ffi.a -framework SystemConfiguration -framework Security -framework CoreFoundation -framework Network";
				OTHER_SWIFT_FLAGS = "-file-prefix-map $(SRCROOT)=/aether-node -debug-prefix-map $(SRCROOT)=/aether-node";
				PRODUCT_BUNDLE_IDENTIFIER = com.pipln.aether.ios;
				PRODUCT_NAME = Aether;
				SDKROOT = iphoneos;
				SWIFT_INCLUDE_PATHS = "$(SRCROOT)/Generated";
				SWIFT_VERSION = 5.0;
				TARGETED_DEVICE_FAMILY = 1;
			};
			name = Debug;
		};
		623D3A6CFDC788B090BFC84F /* Release */ = {
			isa = XCBuildConfiguration;
			buildSettings = {
				ARCHS = arm64;
				ASSETCATALOG_COMPILER_APPICON_NAME = AppIcon;
				CODE_SIGN_IDENTITY = "Developer ID Application: Pipln (45WU468FZE)";
				CODE_SIGN_STYLE = Manual;
				COMBINE_HIDPI_IMAGES = YES;
				CURRENT_PROJECT_VERSION = 11;
				DEVELOPMENT_TEAM = 45WU468FZE;
				ENABLE_HARDENED_RUNTIME = YES;
				GENERATE_INFOPLIST_FILE = YES;
				HEADER_SEARCH_PATHS = "$(SRCROOT)/Generated";
				INFOPLIST_FILE = "Info-mac.plist";
				INFOPLIST_KEY_CFBundleDisplayName = Aether;
				INFOPLIST_KEY_LSApplicationCategoryType = "public.app-category.finance";
				INFOPLIST_KEY_NSHumanReadableCopyright = "Aether testnet by Pipln. Test tokens have no value.";
				LD_RUNPATH_SEARCH_PATHS = (
					"$(inherited)",
					"@executable_path/../Frameworks",
				);
				MARKETING_VERSION = 0.6.6;
				OTHER_LDFLAGS = "-Wl,-reproducible $(SRCROOT)/../../target/release/libaether_ffi.a -framework SystemConfiguration -framework Security -framework CoreFoundation -framework OpenDirectory -framework IOKit";
				OTHER_SWIFT_FLAGS = "-file-prefix-map $(SRCROOT)=/aether-node -debug-prefix-map $(SRCROOT)=/aether-node";
				PRODUCT_BUNDLE_IDENTIFIER = com.pipln.aether;
				PRODUCT_NAME = Aether;
				PROVISIONING_PROFILE_SPECIFIER = "";
				SDKROOT = macosx;
				SWIFT_INCLUDE_PATHS = "$(SRCROOT)/Generated";
				SWIFT_VERSION = 5.0;
			};
			name = Release;
		};
		7EABE61A565A8C66188849F7 /* Release */ = {
			isa = XCBuildConfiguration;
			buildSettings = {
				ASSETCATALOG_COMPILER_APPICON_NAME = AppIcon;
				CODE_SIGN_IDENTITY = "iPhone Developer";
				DEVELOPMENT_TEAM = 45WU468FZE;
				"EXCLUDED_ARCHS[sdk=iphonesimulator*]" = x86_64;
				GENERATE_INFOPLIST_FILE = YES;
				HEADER_SEARCH_PATHS = "$(SRCROOT)/Generated";
				INFOPLIST_FILE = "Info-ios.plist";
				INFOPLIST_KEY_CFBundleDisplayName = Aether;
				INFOPLIST_KEY_NSFaceIDUsageDescription = "Sign transactions with your device's Secure Enclave key.";
				INFOPLIST_KEY_UILaunchScreen_Generation = YES;
				INFOPLIST_KEY_UISupportedInterfaceOrientations = UIInterfaceOrientationPortrait;
				LD_RUNPATH_SEARCH_PATHS = (
					"$(inherited)",
					"@executable_path/Frameworks",
				);
				"OTHER_LDFLAGS[sdk=iphoneos*]" = "-Wl,-reproducible $(SRCROOT)/../../target/aarch64-apple-ios/release/libaether_ffi.a -framework SystemConfiguration -framework Security -framework CoreFoundation -framework Network";
				"OTHER_LDFLAGS[sdk=iphonesimulator*]" = "-Wl,-reproducible $(SRCROOT)/../../target/aarch64-apple-ios-sim/release/libaether_ffi.a -framework SystemConfiguration -framework Security -framework CoreFoundation -framework Network";
				OTHER_SWIFT_FLAGS = "-file-prefix-map $(SRCROOT)=/aether-node -debug-prefix-map $(SRCROOT)=/aether-node";
				PRODUCT_BUNDLE_IDENTIFIER = com.pipln.aether.ios;
				PRODUCT_NAME = Aether;
				SDKROOT = iphoneos;
				SWIFT_INCLUDE_PATHS = "$(SRCROOT)/Generated";
				SWIFT_VERSION = 5.0;
				TARGETED_DEVICE_FAMILY = 1;
			};
			name = Release;
		};
		CF70F4E962AAAD3FDC790A94 /* Release */ = {
			isa = XCBuildConfiguration;
			buildSettings = {
				ALWAYS_SEARCH_USER_PATHS = NO;
				CLANG_ANALYZER_NONNULL = YES;
				CLANG_ANALYZER_NUMBER_OBJECT_CONVERSION = YES_AGGRESSIVE;
				CLANG_CXX_LANGUAGE_STANDARD = "gnu++14";
				CLANG_CXX_LIBRARY = "libc++";
				CLANG_ENABLE_MODULES = YES;
				CLANG_ENABLE_OBJC_ARC = YES;
				CLANG_ENABLE_OBJC_WEAK = YES;
				CLANG_WARN_BLOCK_CAPTURE_AUTORELEASING = YES;
				CLANG_WARN_BOOL_CONVERSION = YES;
				CLANG_WARN_COMMA = YES;
				CLANG_WARN_CONSTANT_CONVERSION = YES;
				CLANG_WARN_DEPRECATED_OBJC_IMPLEMENTATIONS = YES;
				CLANG_WARN_DIRECT_OBJC_ISA_USAGE = YES_ERROR;
				CLANG_WARN_DOCUMENTATION_COMMENTS = YES;
				CLANG_WARN_EMPTY_BODY = YES;
				CLANG_WARN_ENUM_CONVERSION = YES;
				CLANG_WARN_INFINITE_RECURSION = YES;
				CLANG_WARN_INT_CONVERSION = YES;
				CLANG_WARN_NON_LITERAL_NULL_CONVERSION = YES;
				CLANG_WARN_OBJC_IMPLICIT_RETAIN_SELF = YES;
				CLANG_WARN_OBJC_LITERAL_CONVERSION = YES;
				CLANG_WARN_OBJC_ROOT_CLASS = YES_ERROR;
				CLANG_WARN_QUOTED_INCLUDE_IN_FRAMEWORK_HEADER = YES;
				CLANG_WARN_RANGE_LOOP_ANALYSIS = YES;
				CLANG_WARN_STRICT_PROTOTYPES = YES;
				CLANG_WARN_SUSPICIOUS_MOVE = YES;
				CLANG_WARN_UNGUARDED_AVAILABILITY = YES_AGGRESSIVE;
				CLANG_WARN_UNREACHABLE_CODE = YES;
				CLANG_WARN__DUPLICATE_METHOD_MATCH = YES;
				COPY_PHASE_STRIP = NO;
				DEBUG_INFORMATION_FORMAT = "dwarf-with-dsym";
				ENABLE_NS_ASSERTIONS = NO;
				ENABLE_STRICT_OBJC_MSGSEND = YES;
				GCC_C_LANGUAGE_STANDARD = gnu11;
				GCC_NO_COMMON_BLOCKS = YES;
				GCC_WARN_64_TO_32_BIT_CONVERSION = YES;
				GCC_WARN_ABOUT_RETURN_TYPE = YES_ERROR;
				GCC_WARN_UNDECLARED_SELECTOR = YES;
				GCC_WARN_UNINITIALIZED_AUTOS = YES_AGGRESSIVE;
				GCC_WARN_UNUSED_FUNCTION = YES;
				GCC_WARN_UNUSED_VARIABLE = YES;
				IPHONEOS_DEPLOYMENT_TARGET = 17.0;
				MACOSX_DEPLOYMENT_TARGET = 14.0;
				MTL_ENABLE_DEBUG_INFO = NO;
				MTL_FAST_MATH = YES;
				PRODUCT_NAME = "$(TARGET_NAME)";
				SWIFT_COMPILATION_MODE = wholemodule;
				SWIFT_OPTIMIZATION_LEVEL = "-O";
				SWIFT_VERSION = 5.0;
			};
			name = Release;
		};
		FD20609F50391A727955E9BF /* Debug */ = {
			isa = XCBuildConfiguration;
			buildSettings = {
				ARCHS = arm64;
				ASSETCATALOG_COMPILER_APPICON_NAME = AppIcon;
				CODE_SIGN_IDENTITY = "Developer ID Application: Pipln (45WU468FZE)";
				CODE_SIGN_STYLE = Manual;
				COMBINE_HIDPI_IMAGES = YES;
				CURRENT_PROJECT_VERSION = 11;
				DEVELOPMENT_TEAM = 45WU468FZE;
				ENABLE_HARDENED_RUNTIME = YES;
				GENERATE_INFOPLIST_FILE = YES;
				HEADER_SEARCH_PATHS = "$(SRCROOT)/Generated";
				INFOPLIST_FILE = "Info-mac.plist";
				INFOPLIST_KEY_CFBundleDisplayName = Aether;
				INFOPLIST_KEY_LSApplicationCategoryType = "public.app-category.finance";
				INFOPLIST_KEY_NSHumanReadableCopyright = "Aether testnet by Pipln. Test tokens have no value.";
				LD_RUNPATH_SEARCH_PATHS = (
					"$(inherited)",
					"@executable_path/../Frameworks",
				);
				MARKETING_VERSION = 0.6.6;
				OTHER_LDFLAGS = "-Wl,-reproducible $(SRCROOT)/../../target/release/libaether_ffi.a -framework SystemConfiguration -framework Security -framework CoreFoundation -framework OpenDirectory -framework IOKit";
				OTHER_SWIFT_FLAGS = "-file-prefix-map $(SRCROOT)=/aether-node -debug-prefix-map $(SRCROOT)=/aether-node";
				PRODUCT_BUNDLE_IDENTIFIER = com.pipln.aether;
				PRODUCT_NAME = Aether;
				PROVISIONING_PROFILE_SPECIFIER = "";
				SDKROOT = macosx;
				SWIFT_INCLUDE_PATHS = "$(SRCROOT)/Generated";
				SWIFT_VERSION = 5.0;
			};
			name = Debug;
		};
/* End XCBuildConfiguration section */

/* Begin XCConfigurationList section */
		3557245DEAD8990052AA531C /* Build configuration list for PBXNativeTarget "AetherWalletIOS" */ = {
			isa = XCConfigurationList;
			buildConfigurations = (
				4DEF754AAC7C6B900EFE0FD5 /* Debug */,
				7EABE61A565A8C66188849F7 /* Release */,
			);
			defaultConfigurationIsVisible = 0;
			defaultConfigurationName = Debug;
		};
		9C2EDE7CE81DC399F8EF75DC /* Build configuration list for PBXProject "AetherWallet" */ = {
			isa = XCConfigurationList;
			buildConfigurations = (
				27CE43C6C28C855F91EEEA3B /* Debug */,
				CF70F4E962AAAD3FDC790A94 /* Release */,
			);
			defaultConfigurationIsVisible = 0;
			defaultConfigurationName = Debug;
		};
		D093627045A2B7DF28397009 /* Build configuration list for PBXNativeTarget "AetherWallet" */ = {
			isa = XCConfigurationList;
			buildConfigurations = (
				FD20609F50391A727955E9BF /* Debug */,
				623D3A6CFDC788B090BFC84F /* Release */,
			);
			defaultConfigurationIsVisible = 0;
			defaultConfigurationName = Debug;
		};
/* End XCConfigurationList section */

/* Begin XCRemoteSwiftPackageReference section */
		67A853CB1E407115F5AF96C3 /* XCRemoteSwiftPackageReference "Sparkle" */ = {
			isa = XCRemoteSwiftPackageReference;
			repositoryURL = "https://github.com/sparkle-project/Sparkle";
			requirement = {
				kind = upToNextMajorVersion;
				minimumVersion = 2.6.0;
			};
		};
/* End XCRemoteSwiftPackageReference section */

/* Begin XCSwiftPackageProductDependency section */
		C8AFA205B2434D884DE10E98 /* Sparkle */ = {
			isa = XCSwiftPackageProductDependency;
			package = 67A853CB1E407115F5AF96C3 /* XCRemoteSwiftPackageReference "Sparkle" */;
			productName = Sparkle;
		};
/* End XCSwiftPackageProductDependency section */
	};
	rootObject = 5F42881F886CB6661FD78F58 /* Project object */;
}
