// !$*UTF8*$!
{
	archiveVersion = 1;
	classes = {
	};
	objectVersion = 77;
	objects = {

/* Begin PBXBuildFile section */
		3A048B1773EDB624E715846E /* AetherWalletApp.swift in Sources */ = {isa = PBXBuildFile; fileRef = 39176493D3D105EBB072F17C /* AetherWalletApp.swift */; };
		3C5180BEE4BF629CA69AF4CE /* ContentView.swift in Sources */ = {isa = PBXBuildFile; fileRef = B38A846EB23F0C4A52BF8A78 /* ContentView.swift */; };
		8A4A2901B223B0F689036DFB /* EnclaveKey.swift in Sources */ = {isa = PBXBuildFile; fileRef = 317D79B15C7F9E75B1A1F4FC /* EnclaveKey.swift */; };
		BF69C9639B9D7215C5CE0605 /* aether_ffi.swift in Sources */ = {isa = PBXBuildFile; fileRef = 4BC12AF79B32D90A48860251 /* aether_ffi.swift */; };
		D6DDA80E641E075D1DE236AD /* WalletModel.swift in Sources */ = {isa = PBXBuildFile; fileRef = 016BCAF9063410C1BBD4052D /* WalletModel.swift */; };
/* End PBXBuildFile section */

/* Begin PBXFileReference section */
		016BCAF9063410C1BBD4052D /* WalletModel.swift */ = {isa = PBXFileReference; lastKnownFileType = sourcecode.swift; path = WalletModel.swift; sourceTree = "<group>"; };
		2A79147942168696D38EE97B /* AetherWallet.app */ = {isa = PBXFileReference; explicitFileType = wrapper.application; includeInIndex = 0; path = AetherWallet.app; sourceTree = BUILT_PRODUCTS_DIR; };
		317D79B15C7F9E75B1A1F4FC /* EnclaveKey.swift */ = {isa = PBXFileReference; lastKnownFileType = sourcecode.swift; path = EnclaveKey.swift; sourceTree = "<group>"; };
		39176493D3D105EBB072F17C /* AetherWalletApp.swift */ = {isa = PBXFileReference; lastKnownFileType = sourcecode.swift; path = AetherWalletApp.swift; sourceTree = "<group>"; };
		4BC12AF79B32D90A48860251 /* aether_ffi.swift */ = {isa = PBXFileReference; lastKnownFileType = sourcecode.swift; path = aether_ffi.swift; sourceTree = "<group>"; };
		B38A846EB23F0C4A52BF8A78 /* ContentView.swift */ = {isa = PBXFileReference; lastKnownFileType = sourcecode.swift; path = ContentView.swift; sourceTree = "<group>"; };
/* End PBXFileReference section */

/* Begin PBXGroup section */
		20B21676152FAD1CCC533BA7 /* Generated */ = {
			isa = PBXGroup;
			children = (
				4BC12AF79B32D90A48860251 /* aether_ffi.swift */,
			);
			path = Generated;
			sourceTree = "<group>";
		};
		2E89153E6DC67082E19B5371 /* Products */ = {
			isa = PBXGroup;
			children = (
				2A79147942168696D38EE97B /* AetherWallet.app */,
			);
			name = Products;
			sourceTree = "<group>";
		};
		37242AD39FAC0B3294315674 = {
			isa = PBXGroup;
			children = (
				20B21676152FAD1CCC533BA7 /* Generated */,
				58892B03383F48BA9FD5EB14 /* Sources */,
				2E89153E6DC67082E19B5371 /* Products */,
			);
			sourceTree = "<group>";
		};
		58892B03383F48BA9FD5EB14 /* Sources */ = {
			isa = PBXGroup;
			children = (
				39176493D3D105EBB072F17C /* AetherWalletApp.swift */,
				B38A846EB23F0C4A52BF8A78 /* ContentView.swift */,
				317D79B15C7F9E75B1A1F4FC /* EnclaveKey.swift */,
				016BCAF9063410C1BBD4052D /* WalletModel.swift */,
			);
			path = Sources;
			sourceTree = "<group>";
		};
/* End PBXGroup section */

/* Begin PBXNativeTarget section */
		0C260DD3461928726F171B93 /* AetherWallet */ = {
			isa = PBXNativeTarget;
			buildConfigurationList = D093627045A2B7DF28397009 /* Build configuration list for PBXNativeTarget "AetherWallet" */;
			buildPhases = (
				9451106D88BAA67BA0C15449 /* Sources */,
			);
			buildRules = (
			);
			dependencies = (
			);
			name = AetherWallet;
			packageProductDependencies = (
			);
			productName = AetherWallet;
			productReference = 2A79147942168696D38EE97B /* AetherWallet.app */;
			productType = "com.apple.product-type.application";
		};
/* End PBXNativeTarget section */

/* Begin PBXProject section */
		5F42881F886CB6661FD78F58 /* Project object */ = {
			isa = PBXProject;
			attributes = {
				BuildIndependentTargetsInParallel = YES;
				LastUpgradeCheck = 1430;
				TargetAttributes = {
					0C260DD3461928726F171B93 = {
						DevelopmentTeam = LBKUT88RTX;
						ProvisioningStyle = Manual;
					};
				};
			};
			buildConfigurationList = 9C2EDE7CE81DC399F8EF75DC /* Build configuration list for PBXProject "AetherWallet" */;
			developmentRegion = en;
			hasScannedForEncodings = 0;
			knownRegions = (
				Base,
				en,
			);
			mainGroup = 37242AD39FAC0B3294315674;
			minimizedProjectReferenceProxies = 1;
			preferredProjectObjectVersion = 77;
			productRefGroup = 2E89153E6DC67082E19B5371 /* Products */;
			projectDirPath = "";
			projectRoot = "";
			targets = (
				0C260DD3461928726F171B93 /* AetherWallet */,
			);
		};
/* End PBXProject section */

/* Begin PBXSourcesBuildPhase section */
		9451106D88BAA67BA0C15449 /* Sources */ = {
			isa = PBXSourcesBuildPhase;
			buildActionMask = 2147483647;
			files = (
				3A048B1773EDB624E715846E /* AetherWalletApp.swift in Sources */,
				3C5180BEE4BF629CA69AF4CE /* ContentView.swift in Sources */,
				8A4A2901B223B0F689036DFB /* EnclaveKey.swift in Sources */,
				D6DDA80E641E075D1DE236AD /* WalletModel.swift in Sources */,
				BF69C9639B9D7215C5CE0605 /* aether_ffi.swift in Sources */,
			);
			runOnlyForDeploymentPostprocessing = 0;
		};
/* End PBXSourcesBuildPhase section */

/* Begin XCBuildConfiguration section */
		27CE43C6C28C855F91EEEA3B /* Debug */ = {
			isa = XCBuildConfiguration;
			buildSettings = {
				ALWAYS_SEARCH_USER_PATHS = NO;
				CLANG_ANALYZER_NONNULL = YES;
				CLANG_ANALYZER_NUMBER_OBJECT_CONVERSION = YES_AGGRESSIVE;
				CLANG_CXX_LANGUAGE_STANDARD = "gnu++14";
				CLANG_CXX_LIBRARY = "libc++";
				CLANG_ENABLE_MODULES = YES;
				CLANG_ENABLE_OBJC_ARC = YES;
				CLANG_ENABLE_OBJC_WEAK = YES;
				CLANG_WARN_BLOCK_CAPTURE_AUTORELEASING = YES;
				CLANG_WARN_BOOL_CONVERSION = YES;
				CLANG_WARN_COMMA = YES;
				CLANG_WARN_CONSTANT_CONVERSION = YES;
				CLANG_WARN_DEPRECATED_OBJC_IMPLEMENTATIONS = YES;
				CLANG_WARN_DIRECT_OBJC_ISA_USAGE = YES_ERROR;
				CLANG_WARN_DOCUMENTATION_COMMENTS = YES;
				CLANG_WARN_EMPTY_BODY = YES;
				CLANG_WARN_ENUM_CONVERSION = YES;
				CLANG_WARN_INFINITE_RECURSION = YES;
				CLANG_WARN_INT_CONVERSION = YES;
				CLANG_WARN_NON_LITERAL_NULL_CONVERSION = YES;
				CLANG_WARN_OBJC_IMPLICIT_RETAIN_SELF = YES;
				CLANG_WARN_OBJC_LITERAL_CONVERSION = YES;
				CLANG_WARN_OBJC_ROOT_CLASS = YES_ERROR;
				CLANG_WARN_QUOTED_INCLUDE_IN_FRAMEWORK_HEADER = YES;
				CLANG_WARN_RANGE_LOOP_ANALYSIS = YES;
				CLANG_WARN_STRICT_PROTOTYPES = YES;
				CLANG_WARN_SUSPICIOUS_MOVE = YES;
				CLANG_WARN_UNGUARDED_AVAILABILITY = YES_AGGRESSIVE;
				CLANG_WARN_UNREACHABLE_CODE = YES;
				CLANG_WARN__DUPLICATE_METHOD_MATCH = YES;
				COPY_PHASE_STRIP = NO;
				DEBUG_INFORMATION_FORMAT = dwarf;
				ENABLE_STRICT_OBJC_MSGSEND = YES;
				ENABLE_TESTABILITY = YES;
				GCC_C_LANGUAGE_STANDARD = gnu11;
				GCC_DYNAMIC_NO_PIC = NO;
				GCC_NO_COMMON_BLOCKS = YES;
				GCC_OPTIMIZATION_LEVEL = 0;
				GCC_PREPROCESSOR_DEFINITIONS = (
					"$(inherited)",
					"DEBUG=1",
				);
				GCC_WARN_64_TO_32_BIT_CONVERSION = YES;
				GCC_WARN_ABOUT_RETURN_TYPE = YES_ERROR;
				GCC_WARN_UNDECLARED_SELECTOR = YES;
				GCC_WARN_UNINITIALIZED_AUTOS = YES_AGGRESSIVE;
				GCC_WARN_UNUSED_FUNCTION = YES;
				GCC_WARN_UNUSED_VARIABLE = YES;
				MACOSX_DEPLOYMENT_TARGET = 14.0;
				MTL_ENABLE_DEBUG_INFO = INCLUDE_SOURCE;
				MTL_FAST_MATH = YES;
				ONLY_ACTIVE_ARCH = YES;
				PRODUCT_NAME = "$(TARGET_NAME)";
				SDKROOT = macosx;
				SWIFT_ACTIVE_COMPILATION_CONDITIONS = DEBUG;
				SWIFT_OPTIMIZATION_LEVEL = "-Onone";
				SWIFT_VERSION = 5.0;
			};
			name = Debug;
		};
		623D3A6CFDC788B090BFC84F /* Release */ = {
			isa = XCBuildConfiguration;
			buildSettings = {
				ARCHS = arm64;
				ASSETCATALOG_COMPILER_APPICON_NAME = AppIcon;
				CODE_SIGN_IDENTITY = 44566BD2BD393D704EF546BACE9B87195BAEB741;
				CODE_SIGN_STYLE = Manual;
				COMBINE_HIDPI_IMAGES = YES;
				DEVELOPMENT_TEAM = LBKUT88RTX;
				ENABLE_HARDENED_RUNTIME = YES;
				GENERATE_INFOPLIST_FILE = YES;
				HEADER_SEARCH_PATHS = "$(SRCROOT)/Generated";
				INFOPLIST_KEY_CFBundleDisplayName = "Aether Wallet";
				INFOPLIST_KEY_LSApplicationCategoryType = "public.app-category.finance";
				INFOPLIST_KEY_NSHumanReadableCopyright = "Devnet wallet. Test tokens have no value.";
				LD_RUNPATH_SEARCH_PATHS = (
					"$(inherited)",
					"@executable_path/../Frameworks",
				);
				OTHER_LDFLAGS = "$(SRCROOT)/../../target/release/libaether_ffi.a -framework SystemConfiguration -framework Security -framework CoreFoundation -framework OpenDirectory -framework IOKit";
				PRODUCT_BUNDLE_IDENTIFIER = com.kjaylee.aether.wallet;
				PRODUCT_NAME = "Aether Wallet";
				PROVISIONING_PROFILE_SPECIFIER = "";
				SDKROOT = macosx;
				SWIFT_INCLUDE_PATHS = "$(SRCROOT)/Generated";
				SWIFT_VERSION = 5.0;
			};
			name = Release;
		};
		CF70F4E962AAAD3FDC790A94 /* Release */ = {
			isa = XCBuildConfiguration;
			buildSettings = {
				ALWAYS_SEARCH_USER_PATHS = NO;
				CLANG_ANALYZER_NONNULL = YES;
				CLANG_ANALYZER_NUMBER_OBJECT_CONVERSION = YES_AGGRESSIVE;
				CLANG_CXX_LANGUAGE_STANDARD = "gnu++14";
				CLANG_CXX_LIBRARY = "libc++";
				CLANG_ENABLE_MODULES = YES;
				CLANG_ENABLE_OBJC_ARC = YES;
				CLANG_ENABLE_OBJC_WEAK = YES;
				CLANG_WARN_BLOCK_CAPTURE_AUTORELEASING = YES;
				CLANG_WARN_BOOL_CONVERSION = YES;
				CLANG_WARN_COMMA = YES;
				CLANG_WARN_CONSTANT_CONVERSION = YES;
				CLANG_WARN_DEPRECATED_OBJC_IMPLEMENTATIONS = YES;
				CLANG_WARN_DIRECT_OBJC_ISA_USAGE = YES_ERROR;
				CLANG_WARN_DOCUMENTATION_COMMENTS = YES;
				CLANG_WARN_EMPTY_BODY = YES;
				CLANG_WARN_ENUM_CONVERSION = YES;
				CLANG_WARN_INFINITE_RECURSION = YES;
				CLANG_WARN_INT_CONVERSION = YES;
				CLANG_WARN_NON_LITERAL_NULL_CONVERSION = YES;
				CLANG_WARN_OBJC_IMPLICIT_RETAIN_SELF = YES;
				CLANG_WARN_OBJC_LITERAL_CONVERSION = YES;
				CLANG_WARN_OBJC_ROOT_CLASS = YES_ERROR;
				CLANG_WARN_QUOTED_INCLUDE_IN_FRAMEWORK_HEADER = YES;
				CLANG_WARN_RANGE_LOOP_ANALYSIS = YES;
				CLANG_WARN_STRICT_PROTOTYPES = YES;
				CLANG_WARN_SUSPICIOUS_MOVE = YES;
				CLANG_WARN_UNGUARDED_AVAILABILITY = YES_AGGRESSIVE;
				CLANG_WARN_UNREACHABLE_CODE = YES;
				CLANG_WARN__DUPLICATE_METHOD_MATCH = YES;
				COPY_PHASE_STRIP = NO;
				DEBUG_INFORMATION_FORMAT = "dwarf-with-dsym";
				ENABLE_NS_ASSERTIONS = NO;
				ENABLE_STRICT_OBJC_MSGSEND = YES;
				GCC_C_LANGUAGE_STANDARD = gnu11;
				GCC_NO_COMMON_BLOCKS = YES;
				GCC_WARN_64_TO_32_BIT_CONVERSION = YES;
				GCC_WARN_ABOUT_RETURN_TYPE = YES_ERROR;
				GCC_WARN_UNDECLARED_SELECTOR = YES;
				GCC_WARN_UNINITIALIZED_AUTOS = YES_AGGRESSIVE;
				GCC_WARN_UNUSED_FUNCTION = YES;
				GCC_WARN_UNUSED_VARIABLE = YES;
				MACOSX_DEPLOYMENT_TARGET = 14.0;
				MTL_ENABLE_DEBUG_INFO = NO;
				MTL_FAST_MATH = YES;
				PRODUCT_NAME = "$(TARGET_NAME)";
				SDKROOT = macosx;
				SWIFT_COMPILATION_MODE = wholemodule;
				SWIFT_OPTIMIZATION_LEVEL = "-O";
				SWIFT_VERSION = 5.0;
			};
			name = Release;
		};
		FD20609F50391A727955E9BF /* Debug */ = {
			isa = XCBuildConfiguration;
			buildSettings = {
				ARCHS = arm64;
				ASSETCATALOG_COMPILER_APPICON_NAME = AppIcon;
				CODE_SIGN_IDENTITY = 44566BD2BD393D704EF546BACE9B87195BAEB741;
				CODE_SIGN_STYLE = Manual;
				COMBINE_HIDPI_IMAGES = YES;
				DEVELOPMENT_TEAM = LBKUT88RTX;
				ENABLE_HARDENED_RUNTIME = YES;
				GENERATE_INFOPLIST_FILE = YES;
				HEADER_SEARCH_PATHS = "$(SRCROOT)/Generated";
				INFOPLIST_KEY_CFBundleDisplayName = "Aether Wallet";
				INFOPLIST_KEY_LSApplicationCategoryType = "public.app-category.finance";
				INFOPLIST_KEY_NSHumanReadableCopyright = "Devnet wallet. Test tokens have no value.";
				LD_RUNPATH_SEARCH_PATHS = (
					"$(inherited)",
					"@executable_path/../Frameworks",
				);
				OTHER_LDFLAGS = "$(SRCROOT)/../../target/release/libaether_ffi.a -framework SystemConfiguration -framework Security -framework CoreFoundation -framework OpenDirectory -framework IOKit";
				PRODUCT_BUNDLE_IDENTIFIER = com.kjaylee.aether.wallet;
				PRODUCT_NAME = "Aether Wallet";
				PROVISIONING_PROFILE_SPECIFIER = "";
				SDKROOT = macosx;
				SWIFT_INCLUDE_PATHS = "$(SRCROOT)/Generated";
				SWIFT_VERSION = 5.0;
			};
			name = Debug;
		};
/* End XCBuildConfiguration section */

/* Begin XCConfigurationList section */
		9C2EDE7CE81DC399F8EF75DC /* Build configuration list for PBXProject "AetherWallet" */ = {
			isa = XCConfigurationList;
			buildConfigurations = (
				27CE43C6C28C855F91EEEA3B /* Debug */,
				CF70F4E962AAAD3FDC790A94 /* Release */,
			);
			defaultConfigurationIsVisible = 0;
			defaultConfigurationName = Debug;
		};
		D093627045A2B7DF28397009 /* Build configuration list for PBXNativeTarget "AetherWallet" */ = {
			isa = XCConfigurationList;
			buildConfigurations = (
				FD20609F50391A727955E9BF /* Debug */,
				623D3A6CFDC788B090BFC84F /* Release */,
			);
			defaultConfigurationIsVisible = 0;
			defaultConfigurationName = Debug;
		};
/* End XCConfigurationList section */
	};
	rootObject = 5F42881F886CB6661FD78F58 /* Project object */;
}
