// !$*UTF8*$!
{
	archiveVersion = 1;
	classes = {
	};
	objectVersion = 77;
	objects = {

/* Begin PBXBuildFile section */
		5ED0AF9EA42982FE2D74F03C /* Sparkle in Frameworks */ = {isa = PBXBuildFile; productRef = 01700F47A430CD2C8D885B25 /* Sparkle */; };
		6A518A7D3D6A2630E81117DB /* Mover.swift in Sources */ = {isa = PBXBuildFile; fileRef = A4890C8593CC9E6A9AD37654 /* Mover.swift */; };
		71108FD07CFAEB5D60A9976F /* BridgePlan.swift in Sources */ = {isa = PBXBuildFile; fileRef = 292EFD462655115D568DAA89 /* BridgePlan.swift */; };
		8FDC7010C6BE6BC51E658074 /* BridgeApp.swift in Sources */ = {isa = PBXBuildFile; fileRef = 5A9DC3B218C3FA22AE71F2E4 /* BridgeApp.swift */; };
		F51D2FB3FB97FA179B478BED /* Assets.xcassets in Resources */ = {isa = PBXBuildFile; fileRef = D54552A82F9D3183292FB83E /* Assets.xcassets */; };
/* End PBXBuildFile section */

/* Begin PBXFileReference section */
		0165561EBE241CFD3A07B181 /* AetherBridge.app */ = {isa = PBXFileReference; explicitFileType = wrapper.application; includeInIndex = 0; path = AetherBridge.app; sourceTree = BUILT_PRODUCTS_DIR; };
		292EFD462655115D568DAA89 /* BridgePlan.swift */ = {isa = PBXFileReference; lastKnownFileType = sourcecode.swift; path = BridgePlan.swift; sourceTree = "<group>"; };
		5A9DC3B218C3FA22AE71F2E4 /* BridgeApp.swift */ = {isa = PBXFileReference; lastKnownFileType = sourcecode.swift; path = BridgeApp.swift; sourceTree = "<group>"; };
		A4890C8593CC9E6A9AD37654 /* Mover.swift */ = {isa = PBXFileReference; lastKnownFileType = sourcecode.swift; path = Mover.swift; sourceTree = "<group>"; };
		D54552A82F9D3183292FB83E /* Assets.xcassets */ = {isa = PBXFileReference; lastKnownFileType = folder.assetcatalog; path = Assets.xcassets; sourceTree = "<group>"; };
/* End PBXFileReference section */

/* Begin PBXFrameworksBuildPhase section */
		CCBCB78C950736444F951E15 /* Frameworks */ = {
			isa = PBXFrameworksBuildPhase;
			buildActionMask = 2147483647;
			files = (
				5ED0AF9EA42982FE2D74F03C /* Sparkle in Frameworks */,
			);
			runOnlyForDeploymentPostprocessing = 0;
		};
/* End PBXFrameworksBuildPhase section */

/* Begin PBXGroup section */
		5E73E9D2735AC1C0DEDD1DE0 /* Products */ = {
			isa = PBXGroup;
			children = (
				0165561EBE241CFD3A07B181 /* AetherBridge.app */,
			);
			name = Products;
			sourceTree = "<group>";
		};
		9EF871C7AE8B29EFDE61B59D /* Sources */ = {
			isa = PBXGroup;
			children = (
				5A9DC3B218C3FA22AE71F2E4 /* BridgeApp.swift */,
				292EFD462655115D568DAA89 /* BridgePlan.swift */,
				A4890C8593CC9E6A9AD37654 /* Mover.swift */,
			);
			path = Sources;
			sourceTree = "<group>";
		};
		BD8E7CCE7843E2FEA46BE8C8 /* wallet */ = {
			isa = PBXGroup;
			children = (
				D54552A82F9D3183292FB83E /* Assets.xcassets */,
			);
			name = wallet;
			path = ../wallet;
			sourceTree = "<group>";
		};
		E91A1A27E69384F423BDB8D3 = {
			isa = PBXGroup;
			children = (
				9EF871C7AE8B29EFDE61B59D /* Sources */,
				BD8E7CCE7843E2FEA46BE8C8 /* wallet */,
				5E73E9D2735AC1C0DEDD1DE0 /* Products */,
			);
			sourceTree = "<group>";
		};
/* End PBXGroup section */

/* Begin PBXNativeTarget section */
		26B08B3FDEC7BC8A97D3CBBD /* AetherBridge */ = {
			isa = PBXNativeTarget;
			buildConfigurationList = 7A10568AA27DA02FD1FF1984 /* Build configuration list for PBXNativeTarget "AetherBridge" */;
			buildPhases = (
				D10FE1BBF117E46E5F3D0DC8 /* Sources */,
				7A43E83E89EBF3DA333BF8DB /* Resources */,
				CCBCB78C950736444F951E15 /* Frameworks */,
			);
			buildRules = (
			);
			dependencies = (
			);
			name = AetherBridge;
			packageProductDependencies = (
				01700F47A430CD2C8D885B25 /* Sparkle */,
			);
			productName = AetherBridge;
			productReference = 0165561EBE241CFD3A07B181 /* AetherBridge.app */;
			productType = "com.apple.product-type.application";
		};
/* End PBXNativeTarget section */

/* Begin PBXProject section */
		E3D6F8A1303B94F29FBE3A62 /* Project object */ = {
			isa = PBXProject;
			attributes = {
				BuildIndependentTargetsInParallel = YES;
				LastUpgradeCheck = 1430;
				TargetAttributes = {
					26B08B3FDEC7BC8A97D3CBBD = {
						DevelopmentTeam = 45WU468FZE;
						ProvisioningStyle = Manual;
					};
				};
			};
			buildConfigurationList = C743B7923182B466FC7928C2 /* Build configuration list for PBXProject "AetherBridge" */;
			developmentRegion = en;
			hasScannedForEncodings = 0;
			knownRegions = (
				Base,
				en,
			);
			mainGroup = E91A1A27E69384F423BDB8D3;
			minimizedProjectReferenceProxies = 1;
			packageReferences = (
				EB852D28F8F2F6242728AEF2 /* XCRemoteSwiftPackageReference "Sparkle" */,
			);
			preferredProjectObjectVersion = 77;
			productRefGroup = 5E73E9D2735AC1C0DEDD1DE0 /* Products */;
			projectDirPath = "";
			projectRoot = "";
			targets = (
				26B08B3FDEC7BC8A97D3CBBD /* AetherBridge */,
			);
		};
/* End PBXProject section */

/* Begin PBXResourcesBuildPhase section */
		7A43E83E89EBF3DA333BF8DB /* Resources */ = {
			isa = PBXResourcesBuildPhase;
			buildActionMask = 2147483647;
			files = (
				F51D2FB3FB97FA179B478BED /* Assets.xcassets in Resources */,
			);
			runOnlyForDeploymentPostprocessing = 0;
		};
/* End PBXResourcesBuildPhase section */

/* Begin PBXSourcesBuildPhase section */
		D10FE1BBF117E46E5F3D0DC8 /* Sources */ = {
			isa = PBXSourcesBuildPhase;
			buildActionMask = 2147483647;
			files = (
				8FDC7010C6BE6BC51E658074 /* BridgeApp.swift in Sources */,
				71108FD07CFAEB5D60A9976F /* BridgePlan.swift in Sources */,
				6A518A7D3D6A2630E81117DB /* Mover.swift in Sources */,
			);
			runOnlyForDeploymentPostprocessing = 0;
		};
/* End PBXSourcesBuildPhase section */

/* Begin XCBuildConfiguration section */
		64CA9465978BBD90DFD31F69 /* Debug */ = {
			isa = XCBuildConfiguration;
			buildSettings = {
				ALWAYS_SEARCH_USER_PATHS = NO;
				CLANG_ANALYZER_NONNULL = YES;
				CLANG_ANALYZER_NUMBER_OBJECT_CONVERSION = YES_AGGRESSIVE;
				CLANG_CXX_LANGUAGE_STANDARD = "gnu++14";
				CLANG_CXX_LIBRARY = "libc++";
				CLANG_ENABLE_MODULES = YES;
				CLANG_ENABLE_OBJC_ARC = YES;
				CLANG_ENABLE_OBJC_WEAK = YES;
				CLANG_WARN_BLOCK_CAPTURE_AUTORELEASING = YES;
				CLANG_WARN_BOOL_CONVERSION = YES;
				CLANG_WARN_COMMA = YES;
				CLANG_WARN_CONSTANT_CONVERSION = YES;
				CLANG_WARN_DEPRECATED_OBJC_IMPLEMENTATIONS = YES;
				CLANG_WARN_DIRECT_OBJC_ISA_USAGE = YES_ERROR;
				CLANG_WARN_DOCUMENTATION_COMMENTS = YES;
				CLANG_WARN_EMPTY_BODY = YES;
				CLANG_WARN_ENUM_CONVERSION = YES;
				CLANG_WARN_INFINITE_RECURSION = YES;
				CLANG_WARN_INT_CONVERSION = YES;
				CLANG_WARN_NON_LITERAL_NULL_CONVERSION = YES;
				CLANG_WARN_OBJC_IMPLICIT_RETAIN_SELF = YES;
				CLANG_WARN_OBJC_LITERAL_CONVERSION = YES;
				CLANG_WARN_OBJC_ROOT_CLASS = YES_ERROR;
				CLANG_WARN_QUOTED_INCLUDE_IN_FRAMEWORK_HEADER = YES;
				CLANG_WARN_RANGE_LOOP_ANALYSIS = YES;
				CLANG_WARN_STRICT_PROTOTYPES = YES;
				CLANG_WARN_SUSPICIOUS_MOVE = YES;
				CLANG_WARN_UNGUARDED_AVAILABILITY = YES_AGGRESSIVE;
				CLANG_WARN_UNREACHABLE_CODE = YES;
				CLANG_WARN__DUPLICATE_METHOD_MATCH = YES;
				COPY_PHASE_STRIP = NO;
				DEBUG_INFORMATION_FORMAT = dwarf;
				ENABLE_STRICT_OBJC_MSGSEND = YES;
				ENABLE_TESTABILITY = YES;
				GCC_C_LANGUAGE_STANDARD = gnu11;
				GCC_DYNAMIC_NO_PIC = NO;
				GCC_NO_COMMON_BLOCKS = YES;
				GCC_OPTIMIZATION_LEVEL = 0;
				GCC_PREPROCESSOR_DEFINITIONS = (
					"$(inherited)",
					"DEBUG=1",
				);
				GCC_WARN_64_TO_32_BIT_CONVERSION = YES;
				GCC_WARN_ABOUT_RETURN_TYPE = YES_ERROR;
				GCC_WARN_UNDECLARED_SELECTOR = YES;
				GCC_WARN_UNINITIALIZED_AUTOS = YES_AGGRESSIVE;
				GCC_WARN_UNUSED_FUNCTION = YES;
				GCC_WARN_UNUSED_VARIABLE = YES;
				MACOSX_DEPLOYMENT_TARGET = 14.0;
				MTL_ENABLE_DEBUG_INFO = INCLUDE_SOURCE;
				MTL_FAST_MATH = YES;
				ONLY_ACTIVE_ARCH = YES;
				PRODUCT_NAME = "$(TARGET_NAME)";
				SDKROOT = macosx;
				SWIFT_ACTIVE_COMPILATION_CONDITIONS = DEBUG;
				SWIFT_OPTIMIZATION_LEVEL = "-Onone";
				SWIFT_VERSION = 5.0;
			};
			name = Debug;
		};
		803BAE421E0E98A74E75BCD3 /* Release */ = {
			isa = XCBuildConfiguration;
			buildSettings = {
				ALWAYS_SEARCH_USER_PATHS = NO;
				CLANG_ANALYZER_NONNULL = YES;
				CLANG_ANALYZER_NUMBER_OBJECT_CONVERSION = YES_AGGRESSIVE;
				CLANG_CXX_LANGUAGE_STANDARD = "gnu++14";
				CLANG_CXX_LIBRARY = "libc++";
				CLANG_ENABLE_MODULES = YES;
				CLANG_ENABLE_OBJC_ARC = YES;
				CLANG_ENABLE_OBJC_WEAK = YES;
				CLANG_WARN_BLOCK_CAPTURE_AUTORELEASING = YES;
				CLANG_WARN_BOOL_CONVERSION = YES;
				CLANG_WARN_COMMA = YES;
				CLANG_WARN_CONSTANT_CONVERSION = YES;
				CLANG_WARN_DEPRECATED_OBJC_IMPLEMENTATIONS = YES;
				CLANG_WARN_DIRECT_OBJC_ISA_USAGE = YES_ERROR;
				CLANG_WARN_DOCUMENTATION_COMMENTS = YES;
				CLANG_WARN_EMPTY_BODY = YES;
				CLANG_WARN_ENUM_CONVERSION = YES;
				CLANG_WARN_INFINITE_RECURSION = YES;
				CLANG_WARN_INT_CONVERSION = YES;
				CLANG_WARN_NON_LITERAL_NULL_CONVERSION = YES;
				CLANG_WARN_OBJC_IMPLICIT_RETAIN_SELF = YES;
				CLANG_WARN_OBJC_LITERAL_CONVERSION = YES;
				CLANG_WARN_OBJC_ROOT_CLASS = YES_ERROR;
				CLANG_WARN_QUOTED_INCLUDE_IN_FRAMEWORK_HEADER = YES;
				CLANG_WARN_RANGE_LOOP_ANALYSIS = YES;
				CLANG_WARN_STRICT_PROTOTYPES = YES;
				CLANG_WARN_SUSPICIOUS_MOVE = YES;
				CLANG_WARN_UNGUARDED_AVAILABILITY = YES_AGGRESSIVE;
				CLANG_WARN_UNREACHABLE_CODE = YES;
				CLANG_WARN__DUPLICATE_METHOD_MATCH = YES;
				COPY_PHASE_STRIP = NO;
				DEBUG_INFORMATION_FORMAT = "dwarf-with-dsym";
				ENABLE_NS_ASSERTIONS = NO;
				ENABLE_STRICT_OBJC_MSGSEND = YES;
				GCC_C_LANGUAGE_STANDARD = gnu11;
				GCC_NO_COMMON_BLOCKS = YES;
				GCC_WARN_64_TO_32_BIT_CONVERSION = YES;
				GCC_WARN_ABOUT_RETURN_TYPE = YES_ERROR;
				GCC_WARN_UNDECLARED_SELECTOR = YES;
				GCC_WARN_UNINITIALIZED_AUTOS = YES_AGGRESSIVE;
				GCC_WARN_UNUSED_FUNCTION = YES;
				GCC_WARN_UNUSED_VARIABLE = YES;
				MACOSX_DEPLOYMENT_TARGET = 14.0;
				MTL_ENABLE_DEBUG_INFO = NO;
				MTL_FAST_MATH = YES;
				PRODUCT_NAME = "$(TARGET_NAME)";
				SDKROOT = macosx;
				SWIFT_COMPILATION_MODE = wholemodule;
				SWIFT_OPTIMIZATION_LEVEL = "-O";
				SWIFT_VERSION = 5.0;
			};
			name = Release;
		};
		81E1025389C9F4F27D46EC6D /* Debug */ = {
			isa = XCBuildConfiguration;
			buildSettings = {
				ARCHS = arm64;
				ASSETCATALOG_COMPILER_APPICON_NAME = AppIcon;
				CODE_SIGN_IDENTITY = "Developer ID Application: Pipln (45WU468FZE)";
				CODE_SIGN_STYLE = Manual;
				COMBINE_HIDPI_IMAGES = YES;
				CURRENT_PROJECT_VERSION = 12;
				DEVELOPMENT_TEAM = 45WU468FZE;
				ENABLE_HARDENED_RUNTIME = YES;
				GENERATE_INFOPLIST_FILE = YES;
				INFOPLIST_FILE = Info.plist;
				INFOPLIST_KEY_CFBundleDisplayName = Aether;
				INFOPLIST_KEY_LSApplicationCategoryType = "public.app-category.finance";
				INFOPLIST_KEY_NSHumanReadableCopyright = "Aether is now EastSea. EastSea testnet by Pipln.";
				LD_RUNPATH_SEARCH_PATHS = (
					"$(inherited)",
					"@executable_path/../Frameworks",
				);
				MARKETING_VERSION = 0.6.7;
				OTHER_LDFLAGS = "-Wl,-reproducible";
				OTHER_SWIFT_FLAGS = "-file-prefix-map $(SRCROOT)=/aether-node -debug-prefix-map $(SRCROOT)=/aether-node";
				PRODUCT_BUNDLE_IDENTIFIER = com.pipln.aether;
				PRODUCT_NAME = Aether;
				PROVISIONING_PROFILE_SPECIFIER = "";
				SDKROOT = macosx;
				SWIFT_VERSION = 5.0;
			};
			name = Debug;
		};
		D6CA5173D41A0050C63E8564 /* Release */ = {
			isa = XCBuildConfiguration;
			buildSettings = {
				ARCHS = arm64;
				ASSETCATALOG_COMPILER_APPICON_NAME = AppIcon;
				CODE_SIGN_IDENTITY = "Developer ID Application: Pipln (45WU468FZE)";
				CODE_SIGN_STYLE = Manual;
				COMBINE_HIDPI_IMAGES = YES;
				CURRENT_PROJECT_VERSION = 12;
				DEVELOPMENT_TEAM = 45WU468FZE;
				ENABLE_HARDENED_RUNTIME = YES;
				GENERATE_INFOPLIST_FILE = YES;
				INFOPLIST_FILE = Info.plist;
				INFOPLIST_KEY_CFBundleDisplayName = Aether;
				INFOPLIST_KEY_LSApplicationCategoryType = "public.app-category.finance";
				INFOPLIST_KEY_NSHumanReadableCopyright = "Aether is now EastSea. EastSea testnet by Pipln.";
				LD_RUNPATH_SEARCH_PATHS = (
					"$(inherited)",
					"@executable_path/../Frameworks",
				);
				MARKETING_VERSION = 0.6.7;
				OTHER_LDFLAGS = "-Wl,-reproducible";
				OTHER_SWIFT_FLAGS = "-file-prefix-map $(SRCROOT)=/aether-node -debug-prefix-map $(SRCROOT)=/aether-node";
				PRODUCT_BUNDLE_IDENTIFIER = com.pipln.aether;
				PRODUCT_NAME = Aether;
				PROVISIONING_PROFILE_SPECIFIER = "";
				SDKROOT = macosx;
				SWIFT_VERSION = 5.0;
			};
			name = Release;
		};
/* End XCBuildConfiguration section */

/* Begin XCConfigurationList section */
		7A10568AA27DA02FD1FF1984 /* Build configuration list for PBXNativeTarget "AetherBridge" */ = {
			isa = XCConfigurationList;
			buildConfigurations = (
				81E1025389C9F4F27D46EC6D /* Debug */,
				D6CA5173D41A0050C63E8564 /* Release */,
			);
			defaultConfigurationIsVisible = 0;
			defaultConfigurationName = Debug;
		};
		C743B7923182B466FC7928C2 /* Build configuration list for PBXProject "AetherBridge" */ = {
			isa = XCConfigurationList;
			buildConfigurations = (
				64CA9465978BBD90DFD31F69 /* Debug */,
				803BAE421E0E98A74E75BCD3 /* Release */,
			);
			defaultConfigurationIsVisible = 0;
			defaultConfigurationName = Debug;
		};
/* End XCConfigurationList section */

/* Begin XCRemoteSwiftPackageReference section */
		EB852D28F8F2F6242728AEF2 /* XCRemoteSwiftPackageReference "Sparkle" */ = {
			isa = XCRemoteSwiftPackageReference;
			repositoryURL = "https://github.com/sparkle-project/Sparkle";
			requirement = {
				kind = upToNextMajorVersion;
				minimumVersion = 2.6.0;
			};
		};
/* End XCRemoteSwiftPackageReference section */

/* Begin XCSwiftPackageProductDependency section */
		01700F47A430CD2C8D885B25 /* Sparkle */ = {
			isa = XCSwiftPackageProductDependency;
			package = EB852D28F8F2F6242728AEF2 /* XCRemoteSwiftPackageReference "Sparkle" */;
			productName = Sparkle;
		};
/* End XCSwiftPackageProductDependency section */
	};
	rootObject = E3D6F8A1303B94F29FBE3A62 /* Project object */;
}
